// !$*UTF8*$!
{
	archiveVersion = 1;
	classes = {
	};
	objectVersion = 46;
	objects = {

/* Begin PBXBuildFile section */
		8B0E708B1EBFA0EA000153CD /* CustomCellWithNib.xib in Resources */ = {isa = PBXBuildFile; fileRef = 8B0E708A1EBFA0EA000153CD /* CustomCellWithNib.xib */; };
		8B0E70931EBFE0A0000153CD /* SettingsMenuModel.swift in Sources */ = {isa = PBXBuildFile; fileRef = 8B0E70921EBFE0A0000153CD /* SettingsMenuModel.swift */; };
		8B3276481E9AF35700FD9502 /* Mappable.framework in Frameworks */ = {isa = PBXBuildFile; fileRef = 8B3276421E9AF2BF00FD9502 /* Mappable.framework */; };
		8B3276491E9AF35700FD9502 /* Mappable.framework in Embed Frameworks */ = {isa = PBXBuildFile; fileRef = 8B3276421E9AF2BF00FD9502 /* Mappable.framework */; settings = {ATTRIBUTES = (CodeSignOnCopy, RemoveHeadersOnCopy, ); }; };
		8B893A7C1E98606700B3101B /* AppDelegate.swift in Sources */ = {isa = PBXBuildFile; fileRef = 8B893A7B1E98606700B3101B /* AppDelegate.swift */; };
		8B893A811E98606700B3101B /* Main.storyboard in Resources */ = {isa = PBXBuildFile; fileRef = 8B893A7F1E98606700B3101B /* Main.storyboard */; };
		8B893A831E98606700B3101B /* Assets.xcassets in Resources */ = {isa = PBXBuildFile; fileRef = 8B893A821E98606700B3101B /* Assets.xcassets */; };
		8B893A861E98606700B3101B /* LaunchScreen.storyboard in Resources */ = {isa = PBXBuildFile; fileRef = 8B893A841E98606700B3101B /* LaunchScreen.storyboard */; };
		8B893A8E1E9860C300B3101B /* settings-menu.json in Resources */ = {isa = PBXBuildFile; fileRef = 8B893A8D1E9860C300B3101B /* settings-menu.json */; };
		8B893A901E9860E900B3101B /* RootSettingsTVC.swift in Sources */ = {isa = PBXBuildFile; fileRef = 8B893A8F1E9860E900B3101B /* RootSettingsTVC.swift */; };
		8BB518001EAC19B700A181AE /* CustomCellWithCode.swift in Sources */ = {isa = PBXBuildFile; fileRef = 8BB517FF1EAC19B700A181AE /* CustomCellWithCode.swift */; };
		8BB518031EAC19BD00A181AE /* CustomCellWithNib.swift in Sources */ = {isa = PBXBuildFile; fileRef = 8BB518021EAC19BD00A181AE /* CustomCellWithNib.swift */; };
		8BD8F6851E9A5D6000C9BBA3 /* Table.framework in Frameworks */ = {isa = PBXBuildFile; fileRef = 8BD8F6821E9A5D5200C9BBA3 /* Table.framework */; };
		8BD8F6861E9A5D6000C9BBA3 /* Table.framework in Embed Frameworks */ = {isa = PBXBuildFile; fileRef = 8BD8F6821E9A5D5200C9BBA3 /* Table.framework */; settings = {ATTRIBUTES = (CodeSignOnCopy, RemoveHeadersOnCopy, ); }; };
		8BF8AACC1EA9533900A14F02 /* WiFiSettingsTVC.swift in Sources */ = {isa = PBXBuildFile; fileRef = 8BF8AACB1EA9533900A14F02 /* WiFiSettingsTVC.swift */; };
/* End PBXBuildFile section */

/* Begin PBXContainerItemProxy section */
		8BD8F6811E9A5D5200C9BBA3 /* PBXContainerItemProxy */ = {
			isa = PBXContainerItemProxy;
			containerPortal = 8BD8F67C1E9A5D5200C9BBA3 /* Table.xcodeproj */;
			proxyType = 2;
			remoteGlobalIDString = 8B893AAE1E98665F00B3101B;
			remoteInfo = Table;
		};
		8BD8F6831E9A5D5200C9BBA3 /* PBXContainerItemProxy */ = {
			isa = PBXContainerItemProxy;
			containerPortal = 8BD8F67C1E9A5D5200C9BBA3 /* Table.xcodeproj */;
			proxyType = 2;
			remoteGlobalIDString = 8B893AB71E98665F00B3101B;
			remoteInfo = TableTests;
		};
		8BD8F6871E9A5D6000C9BBA3 /* PBXContainerItemProxy */ = {
			isa = PBXContainerItemProxy;
			containerPortal = 8BD8F67C1E9A5D5200C9BBA3 /* Table.xcodeproj */;
			proxyType = 1;
			remoteGlobalIDString = 8B893AAD1E98665F00B3101B;
			remoteInfo = Table;
		};
/* End PBXContainerItemProxy section */

/* Begin PBXCopyFilesBuildPhase section */
		8BD8F6891E9A5D6000C9BBA3 /* Embed Frameworks */ = {
			isa = PBXCopyFilesBuildPhase;
			buildActionMask = 2147483647;
			dstPath = "";
			dstSubfolderSpec = 10;
			files = (
				8B3276491E9AF35700FD9502 /* Mappable.framework in Embed Frameworks */,
				8BD8F6861E9A5D6000C9BBA3 /* Table.framework in Embed Frameworks */,
			);
			name = "Embed Frameworks";
			runOnlyForDeploymentPostprocessing = 0;
		};
/* End PBXCopyFilesBuildPhase section */

/* Begin PBXFileReference section */
		8B0E708A1EBFA0EA000153CD /* CustomCellWithNib.xib */ = {isa = PBXFileReference; fileEncoding = 4; lastKnownFileType = file.xib; path = CustomCellWithNib.xib; sourceTree = "<group>"; };
		8B0E70921EBFE0A0000153CD /* SettingsMenuModel.swift */ = {isa = PBXFileReference; fileEncoding = 4; lastKnownFileType = sourcecode.swift; path = SettingsMenuModel.swift; sourceTree = "<group>"; };
		8B3276421E9AF2BF00FD9502 /* Mappable.framework */ = {isa = PBXFileReference; lastKnownFileType = wrapper.framework; name = Mappable.framework; path = ../Carthage/Build/iOS/Mappable.framework; sourceTree = "<group>"; };
		8B893A781E98606700B3101B /* TableExample.app */ = {isa = PBXFileReference; explicitFileType = wrapper.application; includeInIndex = 0; path = TableExample.app; sourceTree = BUILT_PRODUCTS_DIR; };
		8B893A7B1E98606700B3101B /* AppDelegate.swift */ = {isa = PBXFileReference; lastKnownFileType = sourcecode.swift; path = AppDelegate.swift; sourceTree = "<group>"; };
		8B893A801E98606700B3101B /* Base */ = {isa = PBXFileReference; lastKnownFileType = file.storyboard; name = Base; path = Base.lproj/Main.storyboard; sourceTree = "<group>"; };
		8B893A821E98606700B3101B /* Assets.xcassets */ = {isa = PBXFileReference; lastKnownFileType = folder.assetcatalog; path = Assets.xcassets; sourceTree = "<group>"; };
		8B893A851E98606700B3101B /* Base */ = {isa = PBXFileReference; lastKnownFileType = file.storyboard; name = Base; path = Base.lproj/LaunchScreen.storyboard; sourceTree = "<group>"; };
		8B893A871E98606700B3101B /* Info.plist */ = {isa = PBXFileReference; lastKnownFileType = text.plist.xml; path = Info.plist; sourceTree = "<group>"; };
		8B893A8D1E9860C300B3101B /* settings-menu.json */ = {isa = PBXFileReference; fileEncoding = 4; lastKnownFileType = text.json; name = "settings-menu.json"; path = "../Resources/settings-menu.json"; sourceTree = "<group>"; };
		8B893A8F1E9860E900B3101B /* RootSettingsTVC.swift */ = {isa = PBXFileReference; fileEncoding = 4; lastKnownFileType = sourcecode.swift; path = RootSettingsTVC.swift; sourceTree = "<group>"; };
		8BB517FF1EAC19B700A181AE /* CustomCellWithCode.swift */ = {isa = PBXFileReference; fileEncoding = 4; lastKnownFileType = sourcecode.swift; path = CustomCellWithCode.swift; sourceTree = "<group>"; };
		8BB518021EAC19BD00A181AE /* CustomCellWithNib.swift */ = {isa = PBXFileReference; fileEncoding = 4; lastKnownFileType = sourcecode.swift; path = CustomCellWithNib.swift; sourceTree = "<group>"; };
		8BD8F67C1E9A5D5200C9BBA3 /* Table.xcodeproj */ = {isa = PBXFileReference; lastKnownFileType = "wrapper.pb-project"; name = Table.xcodeproj; path = ../Table.xcodeproj; sourceTree = "<group>"; };
		8BF8AACB1EA9533900A14F02 /* WiFiSettingsTVC.swift */ = {isa = PBXFileReference; fileEncoding = 4; lastKnownFileType = sourcecode.swift; path = WiFiSettingsTVC.swift; sourceTree = "<group>"; };
/* End PBXFileReference section */

/* Begin PBXFrameworksBuildPhase section */
		8B893A751E98606700B3101B /* Frameworks */ = {
			isa = PBXFrameworksBuildPhase;
			buildActionMask = 2147483647;
			files = (
				8B3276481E9AF35700FD9502 /* Mappable.framework in Frameworks */,
				8BD8F6851E9A5D6000C9BBA3 /* Table.framework in Frameworks */,
			);
			runOnlyForDeploymentPostprocessing = 0;
		};
/* End PBXFrameworksBuildPhase section */

/* Begin PBXGroup section */
		8B0E708D1EBFC3B0000153CD /* Model */ = {
			isa = PBXGroup;
			children = (
				8B893A8D1E9860C300B3101B /* settings-menu.json */,
				8B0E70921EBFE0A0000153CD /* SettingsMenuModel.swift */,
			);
			name = Model;
			sourceTree = "<group>";
		};
		8B0E708E1EBFC3BD000153CD /* View */ = {
			isa = PBXGroup;
			children = (
				8B893A7F1E98606700B3101B /* Main.storyboard */,
				8B0E70901EBFC405000153CD /* Cells */,
			);
			name = View;
			sourceTree = "<group>";
		};
		8B0E708F1EBFC3FE000153CD /* Controller */ = {
			isa = PBXGroup;
			children = (
				8B893A8F1E9860E900B3101B /* RootSettingsTVC.swift */,
				8BF8AACB1EA9533900A14F02 /* WiFiSettingsTVC.swift */,
			);
			name = Controller;
			sourceTree = "<group>";
		};
		8B0E70901EBFC405000153CD /* Cells */ = {
			isa = PBXGroup;
			children = (
				8BB517FF1EAC19B700A181AE /* CustomCellWithCode.swift */,
				8BB518021EAC19BD00A181AE /* CustomCellWithNib.swift */,
				8B0E708A1EBFA0EA000153CD /* CustomCellWithNib.xib */,
			);
			name = Cells;
			sourceTree = "<group>";
		};
		8B3276411E9AF2BF00FD9502 /* Frameworks */ = {
			isa = PBXGroup;
			children = (
				8B3276421E9AF2BF00FD9502 /* Mappable.framework */,
			);
			name = Frameworks;
			sourceTree = "<group>";
		};
		8B32764A1E9AF40F00FD9502 /* Supporting Files */ = {
			isa = PBXGroup;
			children = (
				8B893A841E98606700B3101B /* LaunchScreen.storyboard */,
				8B893A821E98606700B3101B /* Assets.xcassets */,
				8B893A871E98606700B3101B /* Info.plist */,
			);
			name = "Supporting Files";
			sourceTree = "<group>";
		};
		8B893A6F1E98606700B3101B = {
			isa = PBXGroup;
			children = (
				8BD8F67C1E9A5D5200C9BBA3 /* Table.xcodeproj */,
				8B3276411E9AF2BF00FD9502 /* Frameworks */,
				8B893A7A1E98606700B3101B /* TableExample */,
				8B893A791E98606700B3101B /* Products */,
			);
			sourceTree = "<group>";
		};
		8B893A791E98606700B3101B /* Products */ = {
			isa = PBXGroup;
			children = (
				8B893A781E98606700B3101B /* TableExample.app */,
			);
			name = Products;
			sourceTree = "<group>";
		};
		8B893A7A1E98606700B3101B /* TableExample */ = {
			isa = PBXGroup;
			children = (
				8B893A7B1E98606700B3101B /* AppDelegate.swift */,
				8B0E708D1EBFC3B0000153CD /* Model */,
				8B0E708E1EBFC3BD000153CD /* View */,
				8B0E708F1EBFC3FE000153CD /* Controller */,
				8B32764A1E9AF40F00FD9502 /* Supporting Files */,
			);
			path = TableExample;
			sourceTree = "<group>";
		};
		8BD8F67D1E9A5D5200C9BBA3 /* Products */ = {
			isa = PBXGroup;
			children = (
				8BD8F6821E9A5D5200C9BBA3 /* Table.framework */,
				8BD8F6841E9A5D5200C9BBA3 /* TableTests.xctest */,
			);
			name = Products;
			sourceTree = "<group>";
		};
/* End PBXGroup section */

/* Begin PBXNativeTarget section */
		8B893A771E98606700B3101B /* TableExample */ = {
			isa = PBXNativeTarget;
			buildConfigurationList = 8B893A8A1E98606700B3101B /* Build configuration list for PBXNativeTarget "TableExample" */;
			buildPhases = (
				8B893A741E98606700B3101B /* Sources */,
				8B893A751E98606700B3101B /* Frameworks */,
				8B893A761E98606700B3101B /* Resources */,
				8BD8F6891E9A5D6000C9BBA3 /* Embed Frameworks */,
			);
			buildRules = (
			);
			dependencies = (
				8BD8F6881E9A5D6000C9BBA3 /* PBXTargetDependency */,
			);
			name = TableExample;
			productName = TableExample;
			productReference = 8B893A781E98606700B3101B /* TableExample.app */;
			productType = "com.apple.product-type.application";
		};
/* End PBXNativeTarget section */

/* Begin PBXProject section */
		8B893A701E98606700B3101B /* Project object */ = {
			isa = PBXProject;
			attributes = {
				LastSwiftUpdateCheck = 0830;
				LastUpgradeCheck = 0830;
				ORGANIZATIONNAME = AE;
				TargetAttributes = {
					8B893A771E98606700B3101B = {
						CreatedOnToolsVersion = 8.3;
						DevelopmentTeam = VL46Q749LJ;
						ProvisioningStyle = Automatic;
					};
				};
			};
			buildConfigurationList = 8B893A731E98606700B3101B /* Build configuration list for PBXProject "TableExample" */;
			compatibilityVersion = "Xcode 3.2";
			developmentRegion = English;
			hasScannedForEncodings = 0;
			knownRegions = (
				en,
				Base,
			);
			mainGroup = 8B893A6F1E98606700B3101B;
			productRefGroup = 8B893A791E98606700B3101B /* Products */;
			projectDirPath = "";
			projectReferences = (
				{
					ProductGroup = 8BD8F67D1E9A5D5200C9BBA3 /* Products */;
					ProjectRef = 8BD8F67C1E9A5D5200C9BBA3 /* Table.xcodeproj */;
				},
			);
			projectRoot = "";
			targets = (
				8B893A771E98606700B3101B /* TableExample */,
			);
		};
/* End PBXProject section */

/* Begin PBXReferenceProxy section */
		8BD8F6821E9A5D5200C9BBA3 /* Table.framework */ = {
			isa = PBXReferenceProxy;
			fileType = wrapper.framework;
			path = Table.framework;
			remoteRef = 8BD8F6811E9A5D5200C9BBA3 /* PBXContainerItemProxy */;
			sourceTree = BUILT_PRODUCTS_DIR;
		};
		8BD8F6841E9A5D5200C9BBA3 /* TableTests.xctest */ = {
			isa = PBXReferenceProxy;
			fileType = wrapper.cfbundle;
			path = TableTests.xctest;
			remoteRef = 8BD8F6831E9A5D5200C9BBA3 /* PBXContainerItemProxy */;
			sourceTree = BUILT_PRODUCTS_DIR;
		};
/* End PBXReferenceProxy section */

/* Begin PBXResourcesBuildPhase section */
		8B893A761E98606700B3101B /* Resources */ = {
			isa = PBXResourcesBuildPhase;
			buildActionMask = 2147483647;
			files = (
				8B893A861E98606700B3101B /* LaunchScreen.storyboard in Resources */,
				8B893A8E1E9860C300B3101B /* settings-menu.json in Resources */,
				8B893A831E98606700B3101B /* Assets.xcassets in Resources */,
				8B893A811E98606700B3101B /* Main.storyboard in Resources */,
				8B0E708B1EBFA0EA000153CD /* CustomCellWithNib.xib in Resources */,
			);
			runOnlyForDeploymentPostprocessing = 0;
		};
/* End PBXResourcesBuildPhase section */

/* Begin PBXSourcesBuildPhase section */
		8B893A741E98606700B3101B /* Sources */ = {
			isa = PBXSourcesBuildPhase;
			buildActionMask = 2147483647;
			files = (
				8B893A901E9860E900B3101B /* RootSettingsTVC.swift in Sources */,
				8B0E70931EBFE0A0000153CD /* SettingsMenuModel.swift in Sources */,
				8BF8AACC1EA9533900A14F02 /* WiFiSettingsTVC.swift in Sources */,
				8B893A7C1E98606700B3101B /* AppDelegate.swift in Sources */,
				8BB518031EAC19BD00A181AE /* CustomCellWithNib.swift in Sources */,
				8BB518001EAC19B700A181AE /* CustomCellWithCode.swift in Sources */,
			);
			runOnlyForDeploymentPostprocessing = 0;
		};
/* End PBXSourcesBuildPhase section */

/* Begin PBXTargetDependency section */
		8BD8F6881E9A5D6000C9BBA3 /* PBXTargetDependency */ = {
			isa = PBXTargetDependency;
			name = Table;
			targetProxy = 8BD8F6871E9A5D6000C9BBA3 /* PBXContainerItemProxy */;
		};
/* End PBXTargetDependency section */

/* Begin PBXVariantGroup section */
		8B893A7F1E98606700B3101B /* Main.storyboard */ = {
			isa = PBXVariantGroup;
			children = (
				8B893A801E98606700B3101B /* Base */,
			);
			name = Main.storyboard;
			sourceTree = "<group>";
		};
		8B893A841E98606700B3101B /* LaunchScreen.storyboard */ = {
			isa = PBXVariantGroup;
			children = (
				8B893A851E98606700B3101B /* Base */,
			);
			name = LaunchScreen.storyboard;
			sourceTree = "<group>";
		};
/* End PBXVariantGroup section */

/* Begin XCBuildConfiguration section */
		8B893A881E98606700B3101B /* Debug */ = {
			isa = XCBuildConfiguration;
			buildSettings = {
				ALWAYS_SEARCH_USER_PATHS = NO;
				CLANG_ANALYZER_NONNULL = YES;
				CLANG_ANALYZER_NUMBER_OBJECT_CONVERSION = YES_AGGRESSIVE;
				CLANG_CXX_LANGUAGE_STANDARD = "gnu++0x";
				CLANG_CXX_LIBRARY = "libc++";
				CLANG_ENABLE_MODULES = YES;
				CLANG_ENABLE_OBJC_ARC = YES;
				CLANG_WARN_BOOL_CONVERSION = YES;
				CLANG_WARN_CONSTANT_CONVERSION = YES;
				CLANG_WARN_DIRECT_OBJC_ISA_USAGE = YES_ERROR;
				CLANG_WARN_DOCUMENTATION_COMMENTS = YES;
				CLANG_WARN_EMPTY_BODY = YES;
				CLANG_WARN_ENUM_CONVERSION = YES;
				CLANG_WARN_INFINITE_RECURSION = YES;
				CLANG_WARN_INT_CONVERSION = YES;
				CLANG_WARN_OBJC_ROOT_CLASS = YES_ERROR;
				CLANG_WARN_SUSPICIOUS_MOVE = YES;
				CLANG_WARN_UNREACHABLE_CODE = YES;
				CLANG_WARN__DUPLICATE_METHOD_MATCH = YES;
				"CODE_SIGN_IDENTITY[sdk=iphoneos*]" = "iPhone Developer";
				COPY_PHASE_STRIP = NO;
				DEBUG_INFORMATION_FORMAT = dwarf;
				ENABLE_STRICT_OBJC_MSGSEND = YES;
				ENABLE_TESTABILITY = YES;
				GCC_C_LANGUAGE_STANDARD = gnu99;
				GCC_DYNAMIC_NO_PIC = NO;
				GCC_NO_COMMON_BLOCKS = YES;
				GCC_OPTIMIZATION_LEVEL = 0;
				GCC_PREPROCESSOR_DEFINITIONS = (
					"DEBUG=1",
					"$(inherited)",
				);
				GCC_WARN_64_TO_32_BIT_CONVERSION = YES;
				GCC_WARN_ABOUT_RETURN_TYPE = YES_ERROR;
				GCC_WARN_UNDECLARED_SELECTOR = YES;
				GCC_WARN_UNINITIALIZED_AUTOS = YES_AGGRESSIVE;
				GCC_WARN_UNUSED_FUNCTION = YES;
				GCC_WARN_UNUSED_VARIABLE = YES;
				IPHONEOS_DEPLOYMENT_TARGET = 10.3;
				MTL_ENABLE_DEBUG_INFO = YES;
				ONLY_ACTIVE_ARCH = YES;
				SDKROOT = iphoneos;
				SWIFT_ACTIVE_COMPILATION_CONDITIONS = DEBUG;
				SWIFT_OPTIMIZATION_LEVEL = "-Onone";
				TARGETED_DEVICE_FAMILY = "1,2";
			};
			name = Debug;
		};
		8B893A891E98606700B3101B /* Release */ = {
			isa = XCBuildConfiguration;
			buildSettings = {
				ALWAYS_SEARCH_USER_PATHS = NO;
				CLANG_ANALYZER_NONNULL = YES;
				CLANG_ANALYZER_NUMBER_OBJECT_CONVERSION = YES_AGGRESSIVE;
				CLANG_CXX_LANGUAGE_STANDARD = "gnu++0x";
				CLANG_CXX_LIBRARY = "libc++";
				CLANG_ENABLE_MODULES = YES;
				CLANG_ENABLE_OBJC_ARC = YES;
				CLANG_WARN_BOOL_CONVERSION = YES;
				CLANG_WARN_CONSTANT_CONVERSION = YES;
				CLANG_WARN_DIRECT_OBJC_ISA_USAGE = YES_ERROR;
				CLANG_WARN_DOCUMENTATION_COMMENTS = YES;
				CLANG_WARN_EMPTY_BODY = YES;
				CLANG_WARN_ENUM_CONVERSION = YES;
				CLANG_WARN_INFINITE_RECURSION = YES;
				CLANG_WARN_INT_CONVERSION = YES;
				CLANG_WARN_OBJC_ROOT_CLASS = YES_ERROR;
				CLANG_WARN_SUSPICIOUS_MOVE = YES;
				CLANG_WARN_UNREACHABLE_CODE = YES;
				CLANG_WARN__DUPLICATE_METHOD_MATCH = YES;
				"CODE_SIGN_IDENTITY[sdk=iphoneos*]" = "iPhone Developer";
				COPY_PHASE_STRIP = NO;
				DEBUG_INFORMATION_FORMAT = "dwarf-with-dsym";
				ENABLE_NS_ASSERTIONS = NO;
				ENABLE_STRICT_OBJC_MSGSEND = YES;
				GCC_C_LANGUAGE_STANDARD = gnu99;
				GCC_NO_COMMON_BLOCKS = YES;
				GCC_WARN_64_TO_32_BIT_CONVERSION = YES;
				GCC_WARN_ABOUT_RETURN_TYPE = YES_ERROR;
				GCC_WARN_UNDECLARED_SELECTOR = YES;
				GCC_WARN_UNINITIALIZED_AUTOS = YES_AGGRESSIVE;
				GCC_WARN_UNUSED_FUNCTION = YES;
				GCC_WARN_UNUSED_VARIABLE = YES;
				IPHONEOS_DEPLOYMENT_TARGET = 10.3;
				MTL_ENABLE_DEBUG_INFO = NO;
				SDKROOT = iphoneos;
				SWIFT_OPTIMIZATION_LEVEL = "-Owholemodule";
				TARGETED_DEVICE_FAMILY = "1,2";
				VALIDATE_PRODUCT = YES;
			};
			name = Release;
		};
		8B893A8B1E98606700B3101B /* Debug */ = {
			isa = XCBuildConfiguration;
			buildSettings = {
				ALWAYS_EMBED_SWIFT_STANDARD_LIBRARIES = YES;
				ASSETCATALOG_COMPILER_APPICON_NAME = AppIcon;
				DEVELOPMENT_TEAM = VL46Q749LJ;
				FRAMEWORK_SEARCH_PATHS = (
					"$(inherited)",
					"$(PROJECT_DIR)/../Carthage/Build/iOS",
				);
				INFOPLIST_FILE = TableExample/Info.plist;
				LD_RUNPATH_SEARCH_PATHS = "$(inherited) @executable_path/Frameworks";
				PRODUCT_BUNDLE_IDENTIFIER = net.tadija.TableExample;
				PRODUCT_NAME = "$(TARGET_NAME)";
				SWIFT_VERSION = 3.0;
			};
			name = Debug;
		};
		8B893A8C1E98606700B3101B /* Release */ = {
			isa = XCBuildConfiguration;
			buildSettings = {
				ALWAYS_EMBED_SWIFT_STANDARD_LIBRARIES = YES;
				ASSETCATALOG_COMPILER_APPICON_NAME = AppIcon;
				DEVELOPMENT_TEAM = VL46Q749LJ;
				FRAMEWORK_SEARCH_PATHS = (
					"$(inherited)",
					"$(PROJECT_DIR)/../Carthage/Build/iOS",
				);
				INFOPLIST_FILE = TableExample/Info.plist;
				LD_RUNPATH_SEARCH_PATHS = "$(inherited) @executable_path/Frameworks";
				PRODUCT_BUNDLE_IDENTIFIER = net.tadija.TableExample;
				PRODUCT_NAME = "$(TARGET_NAME)";
				SWIFT_VERSION = 3.0;
			};
			name = Release;
		};
/* End XCBuildConfiguration section */

/* Begin XCConfigurationList section */
		8B893A731E98606700B3101B /* Build configuration list for PBXProject "TableExample" */ = {
			isa = XCConfigurationList;
			buildConfigurations = (
				8B893A881E98606700B3101B /* Debug */,
				8B893A891E98606700B3101B /* Release */,
			);
			defaultConfigurationIsVisible = 0;
			defaultConfigurationName = Release;
		};
		8B893A8A1E98606700B3101B /* Build configuration list for PBXNativeTarget "TableExample" */ = {
			isa = XCConfigurationList;
			buildConfigurations = (
				8B893A8B1E98606700B3101B /* Debug */,
				8B893A8C1E98606700B3101B /* Release */,
			);
			defaultConfigurationIsVisible = 0;
			defaultConfigurationName = Release;
		};
/* End XCConfigurationList section */
	};
	rootObject = 8B893A701E98606700B3101B /* Project object */;
}
