// !$*UTF8*$!
{
	archiveVersion = 1;
	classes = {
	};
	objectVersion = 46;
	objects = {

/* Begin PBXBuildFile section */
		8B3276011E9AD82A00FD9502 /* AEViewModelTests.swift in Sources */ = {isa = PBXBuildFile; fileRef = 8B3275FF1E9AD82A00FD9502 /* AEViewModelTests.swift */; };
		8B3276251E9AED1400FD9502 /* AEViewModel.h in Headers */ = {isa = PBXBuildFile; fileRef = 8B3276241E9AED1400FD9502 /* AEViewModel.h */; settings = {ATTRIBUTES = (Public, ); }; };
		8B32764E1E9C284B00FD9502 /* TableViewModelCell.swift in Sources */ = {isa = PBXBuildFile; fileRef = 8B32764D1E9C284B00FD9502 /* TableViewModelCell.swift */; };
		8B7281B11EE2E96D007245E7 /* ViewModel.swift in Sources */ = {isa = PBXBuildFile; fileRef = 8B7281B01EE2E96D007245E7 /* ViewModel.swift */; };
		8B7281B31EE2EFA2007245E7 /* TableViewModelController.swift in Sources */ = {isa = PBXBuildFile; fileRef = 8B7281B21EE2EFA2007245E7 /* TableViewModelController.swift */; };
		8B893AB81E98665F00B3101B /* AEViewModel.framework in Frameworks */ = {isa = PBXBuildFile; fileRef = 8B893AAE1E98665F00B3101B /* AEViewModel.framework */; };
/* End PBXBuildFile section */

/* Begin PBXContainerItemProxy section */
		8B893AB91E98665F00B3101B /* PBXContainerItemProxy */ = {
			isa = PBXContainerItemProxy;
			containerPortal = 8B893AA51E98665F00B3101B /* Project object */;
			proxyType = 1;
			remoteGlobalIDString = 8B893AAD1E98665F00B3101B;
			remoteInfo = Table;
		};
/* End PBXContainerItemProxy section */

/* Begin PBXFileReference section */
		8B3275FF1E9AD82A00FD9502 /* AEViewModelTests.swift */ = {isa = PBXFileReference; fileEncoding = 4; lastKnownFileType = sourcecode.swift; name = AEViewModelTests.swift; path = TableTests/AEViewModelTests.swift; sourceTree = "<group>"; };
		8B3276071E9ADB3800FD9502 /* Package.swift */ = {isa = PBXFileReference; lastKnownFileType = sourcecode.swift; path = Package.swift; sourceTree = "<group>"; };
		8B32760E1E9AE13200FD9502 /* CHANGELOG.md */ = {isa = PBXFileReference; lastKnownFileType = net.daringfireball.markdown; path = CHANGELOG.md; sourceTree = "<group>"; };
		8B32760F1E9AE13200FD9502 /* LICENSE */ = {isa = PBXFileReference; lastKnownFileType = text; path = LICENSE; sourceTree = "<group>"; };
		8B3276101E9AE13200FD9502 /* README.md */ = {isa = PBXFileReference; lastKnownFileType = net.daringfireball.markdown; path = README.md; sourceTree = "<group>"; };
		8B3276131E9AE1BA00FD9502 /* Info.plist */ = {isa = PBXFileReference; lastKnownFileType = text.plist.xml; name = Info.plist; path = Tests/Info.plist; sourceTree = SOURCE_ROOT; };
		8B3276241E9AED1400FD9502 /* AEViewModel.h */ = {isa = PBXFileReference; fileEncoding = 4; lastKnownFileType = sourcecode.c.h; name = AEViewModel.h; path = Sources/AEViewModel.h; sourceTree = SOURCE_ROOT; };
		8B3276261E9AED4100FD9502 /* Info.plist */ = {isa = PBXFileReference; lastKnownFileType = text.plist.xml; name = Info.plist; path = Sources/Info.plist; sourceTree = SOURCE_ROOT; };
		8B32764D1E9C284B00FD9502 /* TableViewModelCell.swift */ = {isa = PBXFileReference; fileEncoding = 4; lastKnownFileType = sourcecode.swift; path = TableViewModelCell.swift; sourceTree = "<group>"; };
		8B6DD41E1EFB0B13007A5F98 /* AEViewModel.podspec */ = {isa = PBXFileReference; lastKnownFileType = text; path = AEViewModel.podspec; sourceTree = "<group>"; };
		8B7281B01EE2E96D007245E7 /* ViewModel.swift */ = {isa = PBXFileReference; fileEncoding = 4; lastKnownFileType = sourcecode.swift; path = ViewModel.swift; sourceTree = "<group>"; };
		8B7281B21EE2EFA2007245E7 /* TableViewModelController.swift */ = {isa = PBXFileReference; fileEncoding = 4; lastKnownFileType = sourcecode.swift; path = TableViewModelController.swift; sourceTree = "<group>"; };
		8B893AAE1E98665F00B3101B /* AEViewModel.framework */ = {isa = PBXFileReference; explicitFileType = wrapper.framework; includeInIndex = 0; path = AEViewModel.framework; sourceTree = BUILT_PRODUCTS_DIR; };
		8B893AB71E98665F00B3101B /* AEViewModelTests.xctest */ = {isa = PBXFileReference; explicitFileType = wrapper.cfbundle; includeInIndex = 0; path = AEViewModelTests.xctest; sourceTree = BUILT_PRODUCTS_DIR; };
/* End PBXFileReference section */

/* Begin PBXFrameworksBuildPhase section */
		8B893AAA1E98665F00B3101B /* Frameworks */ = {
			isa = PBXFrameworksBuildPhase;
			buildActionMask = 2147483647;
			files = (
			);
			runOnlyForDeploymentPostprocessing = 0;
		};
		8B893AB41E98665F00B3101B /* Frameworks */ = {
			isa = PBXFrameworksBuildPhase;
			buildActionMask = 2147483647;
			files = (
				8B893AB81E98665F00B3101B /* AEViewModel.framework in Frameworks */,
			);
			runOnlyForDeploymentPostprocessing = 0;
		};
/* End PBXFrameworksBuildPhase section */

/* Begin PBXGroup section */
		8B3275FC1E9AD82A00FD9502 /* Tests */ = {
			isa = PBXGroup;
			children = (
				8B3275FF1E9AD82A00FD9502 /* AEViewModelTests.swift */,
				8B3275FD1E9AD82A00FD9502 /* Supporting Files */,
			);
			path = Tests;
			sourceTree = "<group>";
		};
		8B3275FD1E9AD82A00FD9502 /* Supporting Files */ = {
			isa = PBXGroup;
			children = (
				8B3276131E9AE1BA00FD9502 /* Info.plist */,
			);
			name = "Supporting Files";
			path = TableTests;
			sourceTree = "<group>";
		};
		8B3276111E9AE13B00FD9502 /* Supporting Files */ = {
			isa = PBXGroup;
			children = (
				8B32760F1E9AE13200FD9502 /* LICENSE */,
				8B3276101E9AE13200FD9502 /* README.md */,
				8B32760E1E9AE13200FD9502 /* CHANGELOG.md */,
				8B6DD41E1EFB0B13007A5F98 /* AEViewModel.podspec */,
			);
			name = "Supporting Files";
			sourceTree = "<group>";
		};
		8B893AA41E98665F00B3101B = {
			isa = PBXGroup;
			children = (
				8B3276071E9ADB3800FD9502 /* Package.swift */,
				8B8AFF291E9866ED0090B362 /* Sources */,
				8B3275FC1E9AD82A00FD9502 /* Tests */,
				8B893AAF1E98665F00B3101B /* Products */,
				8B3276111E9AE13B00FD9502 /* Supporting Files */,
			);
			sourceTree = "<group>";
		};
		8B893AAF1E98665F00B3101B /* Products */ = {
			isa = PBXGroup;
			children = (
				8B893AAE1E98665F00B3101B /* AEViewModel.framework */,
				8B893AB71E98665F00B3101B /* AEViewModelTests.xctest */,
			);
			name = Products;
			sourceTree = "<group>";
		};
		8B893AB01E98665F00B3101B /* Supporting Files */ = {
			isa = PBXGroup;
			children = (
				8B3276241E9AED1400FD9502 /* AEViewModel.h */,
				8B3276261E9AED4100FD9502 /* Info.plist */,
			);
			name = "Supporting Files";
			path = ../Table;
			sourceTree = "<group>";
		};
		8B8AFF291E9866ED0090B362 /* Sources */ = {
			isa = PBXGroup;
			children = (
				8B7281B01EE2E96D007245E7 /* ViewModel.swift */,
				8B32764D1E9C284B00FD9502 /* TableViewModelCell.swift */,
				8B7281B21EE2EFA2007245E7 /* TableViewModelController.swift */,
				8B893AB01E98665F00B3101B /* Supporting Files */,
			);
			path = Sources;
			sourceTree = "<group>";
		};
/* End PBXGroup section */

/* Begin PBXHeadersBuildPhase section */
		8B893AAB1E98665F00B3101B /* Headers */ = {
			isa = PBXHeadersBuildPhase;
			buildActionMask = 2147483647;
			files = (
				8B3276251E9AED1400FD9502 /* AEViewModel.h in Headers */,
			);
			runOnlyForDeploymentPostprocessing = 0;
		};
/* End PBXHeadersBuildPhase section */

/* Begin PBXNativeTarget section */
		8B893AAD1E98665F00B3101B /* AEViewModel */ = {
			isa = PBXNativeTarget;
			buildConfigurationList = 8B893AC21E98665F00B3101B /* Build configuration list for PBXNativeTarget "AEViewModel" */;
			buildPhases = (
				8B893AA91E98665F00B3101B /* Sources */,
				8B893AAA1E98665F00B3101B /* Frameworks */,
				8B893AAB1E98665F00B3101B /* Headers */,
				8B893AAC1E98665F00B3101B /* Resources */,
			);
			buildRules = (
			);
			dependencies = (
			);
			name = AEViewModel;
			productName = Table;
			productReference = 8B893AAE1E98665F00B3101B /* AEViewModel.framework */;
			productType = "com.apple.product-type.framework";
		};
		8B893AB61E98665F00B3101B /* AEViewModelTests */ = {
			isa = PBXNativeTarget;
			buildConfigurationList = 8B893AC51E98665F00B3101B /* Build configuration list for PBXNativeTarget "AEViewModelTests" */;
			buildPhases = (
				8B893AB31E98665F00B3101B /* Sources */,
				8B893AB41E98665F00B3101B /* Frameworks */,
				8B893AB51E98665F00B3101B /* Resources */,
			);
			buildRules = (
			);
			dependencies = (
				8B893ABA1E98665F00B3101B /* PBXTargetDependency */,
			);
			name = AEViewModelTests;
			productName = TableTests;
			productReference = 8B893AB71E98665F00B3101B /* AEViewModelTests.xctest */;
			productType = "com.apple.product-type.bundle.unit-test";
		};
/* End PBXNativeTarget section */

/* Begin PBXProject section */
		8B893AA51E98665F00B3101B /* Project object */ = {
			isa = PBXProject;
			attributes = {
				LastSwiftUpdateCheck = 0830;
				LastUpgradeCheck = 0900;
				ORGANIZATIONNAME = AE;
				TargetAttributes = {
					8B893AAD1E98665F00B3101B = {
						CreatedOnToolsVersion = 8.3;
						ProvisioningStyle = Manual;
					};
					8B893AB61E98665F00B3101B = {
						CreatedOnToolsVersion = 8.3;
						DevelopmentTeam = VL46Q749LJ;
						ProvisioningStyle = Automatic;
					};
				};
			};
			buildConfigurationList = 8B893AA81E98665F00B3101B /* Build configuration list for PBXProject "AEViewModel" */;
			compatibilityVersion = "Xcode 3.2";
			developmentRegion = English;
			hasScannedForEncodings = 0;
			knownRegions = (
				en,
			);
			mainGroup = 8B893AA41E98665F00B3101B;
			productRefGroup = 8B893AAF1E98665F00B3101B /* Products */;
			projectDirPath = "";
			projectRoot = "";
			targets = (
				8B893AAD1E98665F00B3101B /* AEViewModel */,
				8B893AB61E98665F00B3101B /* AEViewModelTests */,
			);
		};
/* End PBXProject section */

/* Begin PBXResourcesBuildPhase section */
		8B893AAC1E98665F00B3101B /* Resources */ = {
			isa = PBXResourcesBuildPhase;
			buildActionMask = 2147483647;
			files = (
			);
			runOnlyForDeploymentPostprocessing = 0;
		};
		8B893AB51E98665F00B3101B /* Resources */ = {
			isa = PBXResourcesBuildPhase;
			buildActionMask = 2147483647;
			files = (
			);
			runOnlyForDeploymentPostprocessing = 0;
		};
/* End PBXResourcesBuildPhase section */

/* Begin PBXSourcesBuildPhase section */
		8B893AA91E98665F00B3101B /* Sources */ = {
			isa = PBXSourcesBuildPhase;
			buildActionMask = 2147483647;
			files = (
				8B32764E1E9C284B00FD9502 /* TableViewModelCell.swift in Sources */,
				8B7281B31EE2EFA2007245E7 /* TableViewModelController.swift in Sources */,
				8B7281B11EE2E96D007245E7 /* ViewModel.swift in Sources */,
			);
			runOnlyForDeploymentPostprocessing = 0;
		};
		8B893AB31E98665F00B3101B /* Sources */ = {
			isa = PBXSourcesBuildPhase;
			buildActionMask = 2147483647;
			files = (
				8B3276011E9AD82A00FD9502 /* AEViewModelTests.swift in Sources */,
			);
			runOnlyForDeploymentPostprocessing = 0;
		};
/* End PBXSourcesBuildPhase section */

/* Begin PBXTargetDependency section */
		8B893ABA1E98665F00B3101B /* PBXTargetDependency */ = {
			isa = PBXTargetDependency;
			target = 8B893AAD1E98665F00B3101B /* AEViewModel */;
			targetProxy = 8B893AB91E98665F00B3101B /* PBXContainerItemProxy */;
		};
/* End PBXTargetDependency section */

/* Begin XCBuildConfiguration section */
		8B893AC01E98665F00B3101B /* Debug */ = {
			isa = XCBuildConfiguration;
			buildSettings = {
				ALWAYS_SEARCH_USER_PATHS = NO;
				CLANG_ANALYZER_NONNULL = YES;
				CLANG_ANALYZER_NUMBER_OBJECT_CONVERSION = YES_AGGRESSIVE;
				CLANG_CXX_LANGUAGE_STANDARD = "gnu++0x";
				CLANG_CXX_LIBRARY = "libc++";
				CLANG_ENABLE_MODULES = YES;
				CLANG_ENABLE_OBJC_ARC = YES;
				CLANG_WARN_BLOCK_CAPTURE_AUTORELEASING = YES;
				CLANG_WARN_BOOL_CONVERSION = YES;
				CLANG_WARN_COMMA = YES;
				CLANG_WARN_CONSTANT_CONVERSION = YES;
				CLANG_WARN_DIRECT_OBJC_ISA_USAGE = YES_ERROR;
				CLANG_WARN_DOCUMENTATION_COMMENTS = YES;
				CLANG_WARN_EMPTY_BODY = YES;
				CLANG_WARN_ENUM_CONVERSION = YES;
				CLANG_WARN_INFINITE_RECURSION = YES;
				CLANG_WARN_INT_CONVERSION = YES;
				CLANG_WARN_NON_LITERAL_NULL_CONVERSION = YES;
				CLANG_WARN_OBJC_LITERAL_CONVERSION = YES;
				CLANG_WARN_OBJC_ROOT_CLASS = YES_ERROR;
				CLANG_WARN_RANGE_LOOP_ANALYSIS = YES;
				CLANG_WARN_STRICT_PROTOTYPES = YES;
				CLANG_WARN_SUSPICIOUS_MOVE = YES;
				CLANG_WARN_UNREACHABLE_CODE = YES;
				CLANG_WARN__DUPLICATE_METHOD_MATCH = YES;
				"CODE_SIGN_IDENTITY[sdk=iphoneos*]" = "iPhone Developer";
				COPY_PHASE_STRIP = NO;
				CURRENT_PROJECT_VERSION = 1;
				DEBUG_INFORMATION_FORMAT = dwarf;
				ENABLE_STRICT_OBJC_MSGSEND = YES;
				ENABLE_TESTABILITY = YES;
				GCC_C_LANGUAGE_STANDARD = gnu99;
				GCC_DYNAMIC_NO_PIC = NO;
				GCC_NO_COMMON_BLOCKS = YES;
				GCC_OPTIMIZATION_LEVEL = 0;
				GCC_PREPROCESSOR_DEFINITIONS = (
					"DEBUG=1",
					"$(inherited)",
				);
				GCC_WARN_64_TO_32_BIT_CONVERSION = YES;
				GCC_WARN_ABOUT_RETURN_TYPE = YES_ERROR;
				GCC_WARN_UNDECLARED_SELECTOR = YES;
				GCC_WARN_UNINITIALIZED_AUTOS = YES_AGGRESSIVE;
				GCC_WARN_UNUSED_FUNCTION = YES;
				GCC_WARN_UNUSED_VARIABLE = YES;
				IPHONEOS_DEPLOYMENT_TARGET = 9.0;
				MTL_ENABLE_DEBUG_INFO = YES;
				ONLY_ACTIVE_ARCH = YES;
				SDKROOT = iphoneos;
				SWIFT_ACTIVE_COMPILATION_CONDITIONS = DEBUG;
				SWIFT_OPTIMIZATION_LEVEL = "-Onone";
				TARGETED_DEVICE_FAMILY = "1,2";
				VERSIONING_SYSTEM = "apple-generic";
				VERSION_INFO_PREFIX = "";
			};
			name = Debug;
		};
		8B893AC11E98665F00B3101B /* Release */ = {
			isa = XCBuildConfiguration;
			buildSettings = {
				ALWAYS_SEARCH_USER_PATHS = NO;
				CLANG_ANALYZER_NONNULL = YES;
				CLANG_ANALYZER_NUMBER_OBJECT_CONVERSION = YES_AGGRESSIVE;
				CLANG_CXX_LANGUAGE_STANDARD = "gnu++0x";
				CLANG_CXX_LIBRARY = "libc++";
				CLANG_ENABLE_MODULES = YES;
				CLANG_ENABLE_OBJC_ARC = YES;
				CLANG_WARN_BLOCK_CAPTURE_AUTORELEASING = YES;
				CLANG_WARN_BOOL_CONVERSION = YES;
				CLANG_WARN_COMMA = YES;
				CLANG_WARN_CONSTANT_CONVERSION = YES;
				CLANG_WARN_DIRECT_OBJC_ISA_USAGE = YES_ERROR;
				CLANG_WARN_DOCUMENTATION_COMMENTS = YES;
				CLANG_WARN_EMPTY_BODY = YES;
				CLANG_WARN_ENUM_CONVERSION = YES;
				CLANG_WARN_INFINITE_RECURSION = YES;
				CLANG_WARN_INT_CONVERSION = YES;
				CLANG_WARN_NON_LITERAL_NULL_CONVERSION = YES;
				CLANG_WARN_OBJC_LITERAL_CONVERSION = YES;
				CLANG_WARN_OBJC_ROOT_CLASS = YES_ERROR;
				CLANG_WARN_RANGE_LOOP_ANALYSIS = YES;
				CLANG_WARN_STRICT_PROTOTYPES = YES;
				CLANG_WARN_SUSPICIOUS_MOVE = YES;
				CLANG_WARN_UNREACHABLE_CODE = YES;
				CLANG_WARN__DUPLICATE_METHOD_MATCH = YES;
				"CODE_SIGN_IDENTITY[sdk=iphoneos*]" = "iPhone Developer";
				COPY_PHASE_STRIP = NO;
				CURRENT_PROJECT_VERSION = 1;
				DEBUG_INFORMATION_FORMAT = "dwarf-with-dsym";
				ENABLE_NS_ASSERTIONS = NO;
				ENABLE_STRICT_OBJC_MSGSEND = YES;
				GCC_C_LANGUAGE_STANDARD = gnu99;
				GCC_NO_COMMON_BLOCKS = YES;
				GCC_WARN_64_TO_32_BIT_CONVERSION = YES;
				GCC_WARN_ABOUT_RETURN_TYPE = YES_ERROR;
				GCC_WARN_UNDECLARED_SELECTOR = YES;
				GCC_WARN_UNINITIALIZED_AUTOS = YES_AGGRESSIVE;
				GCC_WARN_UNUSED_FUNCTION = YES;
				GCC_WARN_UNUSED_VARIABLE = YES;
				IPHONEOS_DEPLOYMENT_TARGET = 9.0;
				MTL_ENABLE_DEBUG_INFO = NO;
				SDKROOT = iphoneos;
				SWIFT_OPTIMIZATION_LEVEL = "-Owholemodule";
				TARGETED_DEVICE_FAMILY = "1,2";
				VALIDATE_PRODUCT = YES;
				VERSIONING_SYSTEM = "apple-generic";
				VERSION_INFO_PREFIX = "";
			};
			name = Release;
		};
		8B893AC31E98665F00B3101B /* Debug */ = {
			isa = XCBuildConfiguration;
			buildSettings = {
				APPLICATION_EXTENSION_API_ONLY = YES;
				CODE_SIGN_IDENTITY = "";
				DEFINES_MODULE = YES;
				DEVELOPMENT_TEAM = "";
				DYLIB_COMPATIBILITY_VERSION = 1;
				DYLIB_CURRENT_VERSION = 1;
				DYLIB_INSTALL_NAME_BASE = "@rpath";
				FRAMEWORK_SEARCH_PATHS = "$(inherited)";
				INFOPLIST_FILE = Sources/Info.plist;
				INSTALL_PATH = "$(LOCAL_LIBRARY_DIR)/Frameworks";
				LD_RUNPATH_SEARCH_PATHS = "$(inherited) @executable_path/Frameworks @loader_path/Frameworks";
				PRODUCT_BUNDLE_IDENTIFIER = net.tadija.AEViewModel;
				PRODUCT_NAME = "$(TARGET_NAME)";
				PROVISIONING_PROFILE_SPECIFIER = "";
				SKIP_INSTALL = YES;
				SWIFT_VERSION = 3.0;
			};
			name = Debug;
		};
		8B893AC41E98665F00B3101B /* Release */ = {
			isa = XCBuildConfiguration;
			buildSettings = {
				APPLICATION_EXTENSION_API_ONLY = YES;
				CODE_SIGN_IDENTITY = "";
				DEFINES_MODULE = YES;
				DEVELOPMENT_TEAM = "";
				DYLIB_COMPATIBILITY_VERSION = 1;
				DYLIB_CURRENT_VERSION = 1;
				DYLIB_INSTALL_NAME_BASE = "@rpath";
				FRAMEWORK_SEARCH_PATHS = "$(inherited)";
				INFOPLIST_FILE = Sources/Info.plist;
				INSTALL_PATH = "$(LOCAL_LIBRARY_DIR)/Frameworks";
				LD_RUNPATH_SEARCH_PATHS = "$(inherited) @executable_path/Frameworks @loader_path/Frameworks";
				PRODUCT_BUNDLE_IDENTIFIER = net.tadija.AEViewModel;
				PRODUCT_NAME = "$(TARGET_NAME)";
				PROVISIONING_PROFILE_SPECIFIER = "";
				SKIP_INSTALL = YES;
				SWIFT_VERSION = 3.0;
			};
			name = Release;
		};
		8B893AC61E98665F00B3101B /* Debug */ = {
			isa = XCBuildConfiguration;
			buildSettings = {
				ALWAYS_EMBED_SWIFT_STANDARD_LIBRARIES = YES;
				DEVELOPMENT_TEAM = VL46Q749LJ;
				FRAMEWORK_SEARCH_PATHS = "$(inherited)";
				INFOPLIST_FILE = Tests/Info.plist;
				LD_RUNPATH_SEARCH_PATHS = "$(inherited) @executable_path/Frameworks @loader_path/Frameworks";
				PRODUCT_BUNDLE_IDENTIFIER = net.tadija.TableTests;
				PRODUCT_NAME = "$(TARGET_NAME)";
				SWIFT_VERSION = 3.0;
			};
			name = Debug;
		};
		8B893AC71E98665F00B3101B /* Release */ = {
			isa = XCBuildConfiguration;
			buildSettings = {
				ALWAYS_EMBED_SWIFT_STANDARD_LIBRARIES = YES;
				DEVELOPMENT_TEAM = VL46Q749LJ;
				FRAMEWORK_SEARCH_PATHS = "$(inherited)";
				INFOPLIST_FILE = Tests/Info.plist;
				LD_RUNPATH_SEARCH_PATHS = "$(inherited) @executable_path/Frameworks @loader_path/Frameworks";
				PRODUCT_BUNDLE_IDENTIFIER = net.tadija.TableTests;
				PRODUCT_NAME = "$(TARGET_NAME)";
				SWIFT_VERSION = 3.0;
			};
			name = Release;
		};
/* End XCBuildConfiguration section */

/* Begin XCConfigurationList section */
		8B893AA81E98665F00B3101B /* Build configuration list for PBXProject "AEViewModel" */ = {
			isa = XCConfigurationList;
			buildConfigurations = (
				8B893AC01E98665F00B3101B /* Debug */,
				8B893AC11E98665F00B3101B /* Release */,
			);
			defaultConfigurationIsVisible = 0;
			defaultConfigurationName = Release;
		};
		8B893AC21E98665F00B3101B /* Build configuration list for PBXNativeTarget "AEViewModel" */ = {
			isa = XCConfigurationList;
			buildConfigurations = (
				8B893AC31E98665F00B3101B /* Debug */,
				8B893AC41E98665F00B3101B /* Release */,
			);
			defaultConfigurationIsVisible = 0;
			defaultConfigurationName = Release;
		};
		8B893AC51E98665F00B3101B /* Build configuration list for PBXNativeTarget "AEViewModelTests" */ = {
			isa = XCConfigurationList;
			buildConfigurations = (
				8B893AC61E98665F00B3101B /* Debug */,
				8B893AC71E98665F00B3101B /* Release */,
			);
			defaultConfigurationIsVisible = 0;
			defaultConfigurationName = Release;
		};
/* End XCConfigurationList section */
	};
	rootObject = 8B893AA51E98665F00B3101B /* Project object */;
}
