// !$*UTF8*$!
{
	archiveVersion = 1;
	classes = {
	};
	objectVersion = 46;
	objects = {

/* Begin PBXBuildFile section */
		8B0E708B1EBFA0EA000153CD /* CustomCellWithNib.xib in Resources */ = {isa = PBXBuildFile; fileRef = 8B0E708A1EBFA0EA000153CD /* CustomCellWithNib.xib */; };
		8B2EAE1B1EEB3BD4001FE287 /* MappableViewModel.swift in Sources */ = {isa = PBXBuildFile; fileRef = 8B2EAE1A1EEB3BD4001FE287 /* MappableViewModel.swift */; };
		8B2EAE1F1EEB4245001FE287 /* SettingsTVMC.swift in Sources */ = {isa = PBXBuildFile; fileRef = 8B2EAE1E1EEB4245001FE287 /* SettingsTVMC.swift */; };
		8B2EAE331EEF3332001FE287 /* Mappable.framework in Frameworks */ = {isa = PBXBuildFile; fileRef = 8B2EAE321EEF3332001FE287 /* Mappable.framework */; };
		8B2EAE4A1EF0889F001FE287 /* AETable.framework in Frameworks */ = {isa = PBXBuildFile; fileRef = 8B2EAE471EF0888E001FE287 /* AETable.framework */; };
		8B2EAE4B1EF0889F001FE287 /* AETable.framework in Embed Frameworks */ = {isa = PBXBuildFile; fileRef = 8B2EAE471EF0888E001FE287 /* AETable.framework */; settings = {ATTRIBUTES = (CodeSignOnCopy, RemoveHeadersOnCopy, ); }; };
		8B7281AE1EE2E607007245E7 /* ExampleViewModel.swift in Sources */ = {isa = PBXBuildFile; fileRef = 8B7281AD1EE2E607007245E7 /* ExampleViewModel.swift */; };
		8B7281B71EE2F849007245E7 /* ExampleTVMC.swift in Sources */ = {isa = PBXBuildFile; fileRef = 8B7281B61EE2F849007245E7 /* ExampleTVMC.swift */; };
		8B7281C51EE340E5007245E7 /* FormViewModel.swift in Sources */ = {isa = PBXBuildFile; fileRef = 8B7281C41EE340E5007245E7 /* FormViewModel.swift */; };
		8B7281C81EE346A9007245E7 /* FormTVMC.swift in Sources */ = {isa = PBXBuildFile; fileRef = 8B7281C71EE346A9007245E7 /* FormTVMC.swift */; };
		8B893A7C1E98606700B3101B /* AppDelegate.swift in Sources */ = {isa = PBXBuildFile; fileRef = 8B893A7B1E98606700B3101B /* AppDelegate.swift */; };
		8B893A811E98606700B3101B /* Main.storyboard in Resources */ = {isa = PBXBuildFile; fileRef = 8B893A7F1E98606700B3101B /* Main.storyboard */; };
		8B893A831E98606700B3101B /* Assets.xcassets in Resources */ = {isa = PBXBuildFile; fileRef = 8B893A821E98606700B3101B /* Assets.xcassets */; };
		8B893A861E98606700B3101B /* LaunchScreen.storyboard in Resources */ = {isa = PBXBuildFile; fileRef = 8B893A841E98606700B3101B /* LaunchScreen.storyboard */; };
		8B893A8E1E9860C300B3101B /* settings.json in Resources */ = {isa = PBXBuildFile; fileRef = 8B893A8D1E9860C300B3101B /* settings.json */; };
		8BB518001EAC19B700A181AE /* CustomCellWithCode.swift in Sources */ = {isa = PBXBuildFile; fileRef = 8BB517FF1EAC19B700A181AE /* CustomCellWithCode.swift */; };
		8BB518031EAC19BD00A181AE /* CustomCellWithNib.swift in Sources */ = {isa = PBXBuildFile; fileRef = 8BB518021EAC19BD00A181AE /* CustomCellWithNib.swift */; };
/* End PBXBuildFile section */

/* Begin PBXContainerItemProxy section */
		8B2EAE461EF0888E001FE287 /* PBXContainerItemProxy */ = {
			isa = PBXContainerItemProxy;
			containerPortal = 8B2EAE411EF0888E001FE287 /* AETable.xcodeproj */;
			proxyType = 2;
			remoteGlobalIDString = 8B893AAE1E98665F00B3101B;
			remoteInfo = AETable;
		};
		8B2EAE481EF0888E001FE287 /* PBXContainerItemProxy */ = {
			isa = PBXContainerItemProxy;
			containerPortal = 8B2EAE411EF0888E001FE287 /* AETable.xcodeproj */;
			proxyType = 2;
			remoteGlobalIDString = 8B893AB71E98665F00B3101B;
			remoteInfo = AETableTests;
		};
		8B2EAE4C1EF0889F001FE287 /* PBXContainerItemProxy */ = {
			isa = PBXContainerItemProxy;
			containerPortal = 8B2EAE411EF0888E001FE287 /* AETable.xcodeproj */;
			proxyType = 1;
			remoteGlobalIDString = 8B893AAD1E98665F00B3101B;
			remoteInfo = AETable;
		};
/* End PBXContainerItemProxy section */

/* Begin PBXCopyFilesBuildPhase section */
		8BD8F6891E9A5D6000C9BBA3 /* Embed Frameworks */ = {
			isa = PBXCopyFilesBuildPhase;
			buildActionMask = 2147483647;
			dstPath = "";
			dstSubfolderSpec = 10;
			files = (
				8B2EAE4B1EF0889F001FE287 /* AETable.framework in Embed Frameworks */,
			);
			name = "Embed Frameworks";
			runOnlyForDeploymentPostprocessing = 0;
		};
/* End PBXCopyFilesBuildPhase section */

/* Begin PBXFileReference section */
		8B0E708A1EBFA0EA000153CD /* CustomCellWithNib.xib */ = {isa = PBXFileReference; fileEncoding = 4; lastKnownFileType = file.xib; path = CustomCellWithNib.xib; sourceTree = "<group>"; };
		8B2EAE1A1EEB3BD4001FE287 /* MappableViewModel.swift */ = {isa = PBXFileReference; fileEncoding = 4; lastKnownFileType = sourcecode.swift; path = MappableViewModel.swift; sourceTree = "<group>"; };
		8B2EAE1E1EEB4245001FE287 /* SettingsTVMC.swift */ = {isa = PBXFileReference; fileEncoding = 4; lastKnownFileType = sourcecode.swift; path = SettingsTVMC.swift; sourceTree = "<group>"; };
		8B2EAE2C1EEF31A1001FE287 /* Cartfile */ = {isa = PBXFileReference; lastKnownFileType = text; path = Cartfile; sourceTree = "<group>"; };
		8B2EAE2D1EEF31A1001FE287 /* Cartfile.resolved */ = {isa = PBXFileReference; lastKnownFileType = text; path = Cartfile.resolved; sourceTree = "<group>"; };
		8B2EAE321EEF3332001FE287 /* Mappable.framework */ = {isa = PBXFileReference; lastKnownFileType = wrapper.framework; name = Mappable.framework; path = Carthage/Build/iOS/Mappable.framework; sourceTree = "<group>"; };
		8B2EAE411EF0888E001FE287 /* AETable.xcodeproj */ = {isa = PBXFileReference; lastKnownFileType = "wrapper.pb-project"; name = AETable.xcodeproj; path = ../AETable.xcodeproj; sourceTree = "<group>"; };
		8B7281AD1EE2E607007245E7 /* ExampleViewModel.swift */ = {isa = PBXFileReference; fileEncoding = 4; lastKnownFileType = sourcecode.swift; path = ExampleViewModel.swift; sourceTree = "<group>"; };
		8B7281B61EE2F849007245E7 /* ExampleTVMC.swift */ = {isa = PBXFileReference; fileEncoding = 4; lastKnownFileType = sourcecode.swift; path = ExampleTVMC.swift; sourceTree = "<group>"; };
		8B7281C41EE340E5007245E7 /* FormViewModel.swift */ = {isa = PBXFileReference; fileEncoding = 4; lastKnownFileType = sourcecode.swift; path = FormViewModel.swift; sourceTree = "<group>"; };
		8B7281C71EE346A9007245E7 /* FormTVMC.swift */ = {isa = PBXFileReference; fileEncoding = 4; lastKnownFileType = sourcecode.swift; path = FormTVMC.swift; sourceTree = "<group>"; };
		8B893A781E98606700B3101B /* AETableExample.app */ = {isa = PBXFileReference; explicitFileType = wrapper.application; includeInIndex = 0; path = AETableExample.app; sourceTree = BUILT_PRODUCTS_DIR; };
		8B893A7B1E98606700B3101B /* AppDelegate.swift */ = {isa = PBXFileReference; lastKnownFileType = sourcecode.swift; path = AppDelegate.swift; sourceTree = "<group>"; };
		8B893A801E98606700B3101B /* Base */ = {isa = PBXFileReference; lastKnownFileType = file.storyboard; name = Base; path = Base.lproj/Main.storyboard; sourceTree = "<group>"; };
		8B893A821E98606700B3101B /* Assets.xcassets */ = {isa = PBXFileReference; lastKnownFileType = folder.assetcatalog; path = Assets.xcassets; sourceTree = "<group>"; };
		8B893A851E98606700B3101B /* Base */ = {isa = PBXFileReference; lastKnownFileType = file.storyboard; name = Base; path = Base.lproj/LaunchScreen.storyboard; sourceTree = "<group>"; };
		8B893A871E98606700B3101B /* Info.plist */ = {isa = PBXFileReference; lastKnownFileType = text.plist.xml; path = Info.plist; sourceTree = "<group>"; };
		8B893A8D1E9860C300B3101B /* settings.json */ = {isa = PBXFileReference; fileEncoding = 4; lastKnownFileType = text.json; name = settings.json; path = ../Resources/settings.json; sourceTree = "<group>"; };
		8BB517FF1EAC19B700A181AE /* CustomCellWithCode.swift */ = {isa = PBXFileReference; fileEncoding = 4; lastKnownFileType = sourcecode.swift; path = CustomCellWithCode.swift; sourceTree = "<group>"; };
		8BB518021EAC19BD00A181AE /* CustomCellWithNib.swift */ = {isa = PBXFileReference; fileEncoding = 4; lastKnownFileType = sourcecode.swift; path = CustomCellWithNib.swift; sourceTree = "<group>"; };
/* End PBXFileReference section */

/* Begin PBXFrameworksBuildPhase section */
		8B893A751E98606700B3101B /* Frameworks */ = {
			isa = PBXFrameworksBuildPhase;
			buildActionMask = 2147483647;
			files = (
				8B2EAE331EEF3332001FE287 /* Mappable.framework in Frameworks */,
				8B2EAE4A1EF0889F001FE287 /* AETable.framework in Frameworks */,
			);
			runOnlyForDeploymentPostprocessing = 0;
		};
/* End PBXFrameworksBuildPhase section */

/* Begin PBXGroup section */
		8B0E708D1EBFC3B0000153CD /* Model */ = {
			isa = PBXGroup;
			children = (
				8B7281AD1EE2E607007245E7 /* ExampleViewModel.swift */,
				8B7281C41EE340E5007245E7 /* FormViewModel.swift */,
				8B2EAE1A1EEB3BD4001FE287 /* MappableViewModel.swift */,
				8B893A8D1E9860C300B3101B /* settings.json */,
			);
			name = Model;
			sourceTree = "<group>";
		};
		8B0E708E1EBFC3BD000153CD /* View */ = {
			isa = PBXGroup;
			children = (
				8B893A7F1E98606700B3101B /* Main.storyboard */,
				8B0E70901EBFC405000153CD /* Cells */,
			);
			name = View;
			sourceTree = "<group>";
		};
		8B0E708F1EBFC3FE000153CD /* Controller */ = {
			isa = PBXGroup;
			children = (
				8B7281B61EE2F849007245E7 /* ExampleTVMC.swift */,
				8B7281C71EE346A9007245E7 /* FormTVMC.swift */,
				8B2EAE1E1EEB4245001FE287 /* SettingsTVMC.swift */,
			);
			name = Controller;
			sourceTree = "<group>";
		};
		8B0E70901EBFC405000153CD /* Cells */ = {
			isa = PBXGroup;
			children = (
				8BB517FF1EAC19B700A181AE /* CustomCellWithCode.swift */,
				8BB518021EAC19BD00A181AE /* CustomCellWithNib.swift */,
				8B0E708A1EBFA0EA000153CD /* CustomCellWithNib.xib */,
			);
			name = Cells;
			sourceTree = "<group>";
		};
		8B2EAE421EF0888E001FE287 /* Products */ = {
			isa = PBXGroup;
			children = (
				8B2EAE471EF0888E001FE287 /* AETable.framework */,
				8B2EAE491EF0888E001FE287 /* AETableTests.xctest */,
			);
			name = Products;
			sourceTree = "<group>";
		};
		8B3276411E9AF2BF00FD9502 /* Frameworks */ = {
			isa = PBXGroup;
			children = (
				8B2EAE2C1EEF31A1001FE287 /* Cartfile */,
				8B2EAE2D1EEF31A1001FE287 /* Cartfile.resolved */,
				8B2EAE321EEF3332001FE287 /* Mappable.framework */,
			);
			name = Frameworks;
			sourceTree = "<group>";
		};
		8B32764A1E9AF40F00FD9502 /* Supporting Files */ = {
			isa = PBXGroup;
			children = (
				8B893A841E98606700B3101B /* LaunchScreen.storyboard */,
				8B893A821E98606700B3101B /* Assets.xcassets */,
				8B893A871E98606700B3101B /* Info.plist */,
			);
			name = "Supporting Files";
			sourceTree = "<group>";
		};
		8B893A6F1E98606700B3101B = {
			isa = PBXGroup;
			children = (
				8B2EAE411EF0888E001FE287 /* AETable.xcodeproj */,
				8B3276411E9AF2BF00FD9502 /* Frameworks */,
				8B893A7A1E98606700B3101B /* AETableExample */,
				8B893A791E98606700B3101B /* Products */,
			);
			sourceTree = "<group>";
		};
		8B893A791E98606700B3101B /* Products */ = {
			isa = PBXGroup;
			children = (
				8B893A781E98606700B3101B /* AETableExample.app */,
			);
			name = Products;
			sourceTree = "<group>";
		};
		8B893A7A1E98606700B3101B /* AETableExample */ = {
			isa = PBXGroup;
			children = (
				8B893A7B1E98606700B3101B /* AppDelegate.swift */,
				8B0E708D1EBFC3B0000153CD /* Model */,
				8B0E708E1EBFC3BD000153CD /* View */,
				8B0E708F1EBFC3FE000153CD /* Controller */,
				8B32764A1E9AF40F00FD9502 /* Supporting Files */,
			);
			path = AETableExample;
			sourceTree = "<group>";
		};
/* End PBXGroup section */

/* Begin PBXNativeTarget section */
		8B893A771E98606700B3101B /* AETableExample */ = {
			isa = PBXNativeTarget;
			buildConfigurationList = 8B893A8A1E98606700B3101B /* Build configuration list for PBXNativeTarget "AETableExample" */;
			buildPhases = (
				8B893A741E98606700B3101B /* Sources */,
				8B893A751E98606700B3101B /* Frameworks */,
				8B893A761E98606700B3101B /* Resources */,
				8BD8F6891E9A5D6000C9BBA3 /* Embed Frameworks */,
				8B2EAE2F1EEF31FB001FE287 /* Carthage */,
			);
			buildRules = (
			);
			dependencies = (
				8B2EAE4D1EF0889F001FE287 /* PBXTargetDependency */,
			);
			name = AETableExample;
			productName = TableExample;
			productReference = 8B893A781E98606700B3101B /* AETableExample.app */;
			productType = "com.apple.product-type.application";
		};
/* End PBXNativeTarget section */

/* Begin PBXProject section */
		8B893A701E98606700B3101B /* Project object */ = {
			isa = PBXProject;
			attributes = {
				LastSwiftUpdateCheck = 0830;
				LastUpgradeCheck = 0830;
				ORGANIZATIONNAME = AE;
				TargetAttributes = {
					8B893A771E98606700B3101B = {
						CreatedOnToolsVersion = 8.3;
						DevelopmentTeam = VL46Q749LJ;
						ProvisioningStyle = Automatic;
					};
				};
			};
			buildConfigurationList = 8B893A731E98606700B3101B /* Build configuration list for PBXProject "AETableExample" */;
			compatibilityVersion = "Xcode 3.2";
			developmentRegion = English;
			hasScannedForEncodings = 0;
			knownRegions = (
				en,
				Base,
			);
			mainGroup = 8B893A6F1E98606700B3101B;
			productRefGroup = 8B893A791E98606700B3101B /* Products */;
			projectDirPath = "";
			projectReferences = (
				{
					ProductGroup = 8B2EAE421EF0888E001FE287 /* Products */;
					ProjectRef = 8B2EAE411EF0888E001FE287 /* AETable.xcodeproj */;
				},
			);
			projectRoot = "";
			targets = (
				8B893A771E98606700B3101B /* AETableExample */,
			);
		};
/* End PBXProject section */

/* Begin PBXReferenceProxy section */
		8B2EAE471EF0888E001FE287 /* AETable.framework */ = {
			isa = PBXReferenceProxy;
			fileType = wrapper.framework;
			path = AETable.framework;
			remoteRef = 8B2EAE461EF0888E001FE287 /* PBXContainerItemProxy */;
			sourceTree = BUILT_PRODUCTS_DIR;
		};
		8B2EAE491EF0888E001FE287 /* AETableTests.xctest */ = {
			isa = PBXReferenceProxy;
			fileType = wrapper.cfbundle;
			path = AETableTests.xctest;
			remoteRef = 8B2EAE481EF0888E001FE287 /* PBXContainerItemProxy */;
			sourceTree = BUILT_PRODUCTS_DIR;
		};
/* End PBXReferenceProxy section */

/* Begin PBXResourcesBuildPhase section */
		8B893A761E98606700B3101B /* Resources */ = {
			isa = PBXResourcesBuildPhase;
			buildActionMask = 2147483647;
			files = (
				8B893A861E98606700B3101B /* LaunchScreen.storyboard in Resources */,
				8B893A8E1E9860C300B3101B /* settings.json in Resources */,
				8B893A831E98606700B3101B /* Assets.xcassets in Resources */,
				8B893A811E98606700B3101B /* Main.storyboard in Resources */,
				8B0E708B1EBFA0EA000153CD /* CustomCellWithNib.xib in Resources */,
			);
			runOnlyForDeploymentPostprocessing = 0;
		};
/* End PBXResourcesBuildPhase section */

/* Begin PBXShellScriptBuildPhase section */
		8B2EAE2F1EEF31FB001FE287 /* Carthage */ = {
			isa = PBXShellScriptBuildPhase;
			buildActionMask = 2147483647;
			files = (
			);
			inputPaths = (
				"$(SRCROOT)/Carthage/Build/iOS/Mappable.framework",
			);
			name = Carthage;
			outputPaths = (
			);
			runOnlyForDeploymentPostprocessing = 0;
			shellPath = /bin/sh;
			shellScript = "/usr/local/bin/carthage copy-frameworks";
		};
/* End PBXShellScriptBuildPhase section */

/* Begin PBXSourcesBuildPhase section */
		8B893A741E98606700B3101B /* Sources */ = {
			isa = PBXSourcesBuildPhase;
			buildActionMask = 2147483647;
			files = (
				8B7281C81EE346A9007245E7 /* FormTVMC.swift in Sources */,
				8B7281C51EE340E5007245E7 /* FormViewModel.swift in Sources */,
				8B7281B71EE2F849007245E7 /* ExampleTVMC.swift in Sources */,
				8B7281AE1EE2E607007245E7 /* ExampleViewModel.swift in Sources */,
				8B893A7C1E98606700B3101B /* AppDelegate.swift in Sources */,
				8B2EAE1F1EEB4245001FE287 /* SettingsTVMC.swift in Sources */,
				8BB518031EAC19BD00A181AE /* CustomCellWithNib.swift in Sources */,
				8BB518001EAC19B700A181AE /* CustomCellWithCode.swift in Sources */,
				8B2EAE1B1EEB3BD4001FE287 /* MappableViewModel.swift in Sources */,
			);
			runOnlyForDeploymentPostprocessing = 0;
		};
/* End PBXSourcesBuildPhase section */

/* Begin PBXTargetDependency section */
		8B2EAE4D1EF0889F001FE287 /* PBXTargetDependency */ = {
			isa = PBXTargetDependency;
			name = AETable;
			targetProxy = 8B2EAE4C1EF0889F001FE287 /* PBXContainerItemProxy */;
		};
/* End PBXTargetDependency section */

/* Begin PBXVariantGroup section */
		8B893A7F1E98606700B3101B /* Main.storyboard */ = {
			isa = PBXVariantGroup;
			children = (
				8B893A801E98606700B3101B /* Base */,
			);
			name = Main.storyboard;
			sourceTree = "<group>";
		};
		8B893A841E98606700B3101B /* LaunchScreen.storyboard */ = {
			isa = PBXVariantGroup;
			children = (
				8B893A851E98606700B3101B /* Base */,
			);
			name = LaunchScreen.storyboard;
			sourceTree = "<group>";
		};
/* End PBXVariantGroup section */

/* Begin XCBuildConfiguration section */
		8B893A881E98606700B3101B /* Debug */ = {
			isa = XCBuildConfiguration;
			buildSettings = {
				ALWAYS_SEARCH_USER_PATHS = NO;
				CLANG_ANALYZER_NONNULL = YES;
				CLANG_ANALYZER_NUMBER_OBJECT_CONVERSION = YES_AGGRESSIVE;
				CLANG_CXX_LANGUAGE_STANDARD = "gnu++0x";
				CLANG_CXX_LIBRARY = "libc++";
				CLANG_ENABLE_MODULES = YES;
				CLANG_ENABLE_OBJC_ARC = YES;
				CLANG_WARN_BOOL_CONVERSION = YES;
				CLANG_WARN_CONSTANT_CONVERSION = YES;
				CLANG_WARN_DIRECT_OBJC_ISA_USAGE = YES_ERROR;
				CLANG_WARN_DOCUMENTATION_COMMENTS = YES;
				CLANG_WARN_EMPTY_BODY = YES;
				CLANG_WARN_ENUM_CONVERSION = YES;
				CLANG_WARN_INFINITE_RECURSION = YES;
				CLANG_WARN_INT_CONVERSION = YES;
				CLANG_WARN_OBJC_ROOT_CLASS = YES_ERROR;
				CLANG_WARN_SUSPICIOUS_MOVE = YES;
				CLANG_WARN_UNREACHABLE_CODE = YES;
				CLANG_WARN__DUPLICATE_METHOD_MATCH = YES;
				"CODE_SIGN_IDENTITY[sdk=iphoneos*]" = "iPhone Developer";
				COPY_PHASE_STRIP = NO;
				DEBUG_INFORMATION_FORMAT = dwarf;
				ENABLE_STRICT_OBJC_MSGSEND = YES;
				ENABLE_TESTABILITY = YES;
				GCC_C_LANGUAGE_STANDARD = gnu99;
				GCC_DYNAMIC_NO_PIC = NO;
				GCC_NO_COMMON_BLOCKS = YES;
				GCC_OPTIMIZATION_LEVEL = 0;
				GCC_PREPROCESSOR_DEFINITIONS = (
					"DEBUG=1",
					"$(inherited)",
				);
				GCC_WARN_64_TO_32_BIT_CONVERSION = YES;
				GCC_WARN_ABOUT_RETURN_TYPE = YES_ERROR;
				GCC_WARN_UNDECLARED_SELECTOR = YES;
				GCC_WARN_UNINITIALIZED_AUTOS = YES_AGGRESSIVE;
				GCC_WARN_UNUSED_FUNCTION = YES;
				GCC_WARN_UNUSED_VARIABLE = YES;
				IPHONEOS_DEPLOYMENT_TARGET = 10.3;
				MTL_ENABLE_DEBUG_INFO = YES;
				ONLY_ACTIVE_ARCH = YES;
				SDKROOT = iphoneos;
				SWIFT_ACTIVE_COMPILATION_CONDITIONS = DEBUG;
				SWIFT_OPTIMIZATION_LEVEL = "-Onone";
				TARGETED_DEVICE_FAMILY = "1,2";
			};
			name = Debug;
		};
		8B893A891E98606700B3101B /* Release */ = {
			isa = XCBuildConfiguration;
			buildSettings = {
				ALWAYS_SEARCH_USER_PATHS = NO;
				CLANG_ANALYZER_NONNULL = YES;
				CLANG_ANALYZER_NUMBER_OBJECT_CONVERSION = YES_AGGRESSIVE;
				CLANG_CXX_LANGUAGE_STANDARD = "gnu++0x";
				CLANG_CXX_LIBRARY = "libc++";
				CLANG_ENABLE_MODULES = YES;
				CLANG_ENABLE_OBJC_ARC = YES;
				CLANG_WARN_BOOL_CONVERSION = YES;
				CLANG_WARN_CONSTANT_CONVERSION = YES;
				CLANG_WARN_DIRECT_OBJC_ISA_USAGE = YES_ERROR;
				CLANG_WARN_DOCUMENTATION_COMMENTS = YES;
				CLANG_WARN_EMPTY_BODY = YES;
				CLANG_WARN_ENUM_CONVERSION = YES;
				CLANG_WARN_INFINITE_RECURSION = YES;
				CLANG_WARN_INT_CONVERSION = YES;
				CLANG_WARN_OBJC_ROOT_CLASS = YES_ERROR;
				CLANG_WARN_SUSPICIOUS_MOVE = YES;
				CLANG_WARN_UNREACHABLE_CODE = YES;
				CLANG_WARN__DUPLICATE_METHOD_MATCH = YES;
				"CODE_SIGN_IDENTITY[sdk=iphoneos*]" = "iPhone Developer";
				COPY_PHASE_STRIP = NO;
				DEBUG_INFORMATION_FORMAT = "dwarf-with-dsym";
				ENABLE_NS_ASSERTIONS = NO;
				ENABLE_STRICT_OBJC_MSGSEND = YES;
				GCC_C_LANGUAGE_STANDARD = gnu99;
				GCC_NO_COMMON_BLOCKS = YES;
				GCC_WARN_64_TO_32_BIT_CONVERSION = YES;
				GCC_WARN_ABOUT_RETURN_TYPE = YES_ERROR;
				GCC_WARN_UNDECLARED_SELECTOR = YES;
				GCC_WARN_UNINITIALIZED_AUTOS = YES_AGGRESSIVE;
				GCC_WARN_UNUSED_FUNCTION = YES;
				GCC_WARN_UNUSED_VARIABLE = YES;
				IPHONEOS_DEPLOYMENT_TARGET = 10.3;
				MTL_ENABLE_DEBUG_INFO = NO;
				SDKROOT = iphoneos;
				SWIFT_OPTIMIZATION_LEVEL = "-Owholemodule";
				TARGETED_DEVICE_FAMILY = "1,2";
				VALIDATE_PRODUCT = YES;
			};
			name = Release;
		};
		8B893A8B1E98606700B3101B /* Debug */ = {
			isa = XCBuildConfiguration;
			buildSettings = {
				ALWAYS_EMBED_SWIFT_STANDARD_LIBRARIES = YES;
				ASSETCATALOG_COMPILER_APPICON_NAME = AppIcon;
				DEVELOPMENT_TEAM = VL46Q749LJ;
				FRAMEWORK_SEARCH_PATHS = (
					"$(inherited)",
					"$(PROJECT_DIR)/Carthage/Build/iOS",
				);
				INFOPLIST_FILE = "$(SRCROOT)/AETableExample/Info.plist";
				LD_RUNPATH_SEARCH_PATHS = "$(inherited) @executable_path/Frameworks";
				PRODUCT_BUNDLE_IDENTIFIER = net.tadija.AETableExample;
				PRODUCT_NAME = "$(TARGET_NAME)";
				SWIFT_VERSION = 3.0;
			};
			name = Debug;
		};
		8B893A8C1E98606700B3101B /* Release */ = {
			isa = XCBuildConfiguration;
			buildSettings = {
				ALWAYS_EMBED_SWIFT_STANDARD_LIBRARIES = YES;
				ASSETCATALOG_COMPILER_APPICON_NAME = AppIcon;
				DEVELOPMENT_TEAM = VL46Q749LJ;
				FRAMEWORK_SEARCH_PATHS = (
					"$(inherited)",
					"$(PROJECT_DIR)/Carthage/Build/iOS",
				);
				INFOPLIST_FILE = "$(SRCROOT)/AETableExample/Info.plist";
				LD_RUNPATH_SEARCH_PATHS = "$(inherited) @executable_path/Frameworks";
				PRODUCT_BUNDLE_IDENTIFIER = net.tadija.AETableExample;
				PRODUCT_NAME = "$(TARGET_NAME)";
				SWIFT_VERSION = 3.0;
			};
			name = Release;
		};
/* End XCBuildConfiguration section */

/* Begin XCConfigurationList section */
		8B893A731E98606700B3101B /* Build configuration list for PBXProject "AETableExample" */ = {
			isa = XCConfigurationList;
			buildConfigurations = (
				8B893A881E98606700B3101B /* Debug */,
				8B893A891E98606700B3101B /* Release */,
			);
			defaultConfigurationIsVisible = 0;
			defaultConfigurationName = Release;
		};
		8B893A8A1E98606700B3101B /* Build configuration list for PBXNativeTarget "AETableExample" */ = {
			isa = XCConfigurationList;
			buildConfigurations = (
				8B893A8B1E98606700B3101B /* Debug */,
				8B893A8C1E98606700B3101B /* Release */,
			);
			defaultConfigurationIsVisible = 0;
			defaultConfigurationName = Release;
		};
/* End XCConfigurationList section */
	};
	rootObject = 8B893A701E98606700B3101B /* Project object */;
}
