// !$*UTF8*$!
{
	archiveVersion = 1;
	classes = {
	};
	objectVersion = 46;
	objects = {

/* Begin PBXBuildFile section */
		8B2EAE1B1EEB3BD4001FE287 /* MappableDataSourceModel.swift in Sources */ = {isa = PBXBuildFile; fileRef = 8B2EAE1A1EEB3BD4001FE287 /* MappableDataSourceModel.swift */; };
		8B2EAE1F1EEB4245001FE287 /* SettingsTVMC.swift in Sources */ = {isa = PBXBuildFile; fileRef = 8B2EAE1E1EEB4245001FE287 /* SettingsTVMC.swift */; };
		8B2EAE331EEF3332001FE287 /* Mappable.framework in Frameworks */ = {isa = PBXBuildFile; fileRef = 8B2EAE321EEF3332001FE287 /* Mappable.framework */; };
		8B2EAE4A1EF0889F001FE287 /* AEViewModel.framework in Frameworks */ = {isa = PBXBuildFile; fileRef = 8B2EAE471EF0888E001FE287 /* AEViewModel.framework */; };
		8B2EAE4B1EF0889F001FE287 /* AEViewModel.framework in Embed Frameworks */ = {isa = PBXBuildFile; fileRef = 8B2EAE471EF0888E001FE287 /* AEViewModel.framework */; settings = {ATTRIBUTES = (CodeSignOnCopy, RemoveHeadersOnCopy, ); }; };
		8B7281AE1EE2E607007245E7 /* ExampleTable.swift in Sources */ = {isa = PBXBuildFile; fileRef = 8B7281AD1EE2E607007245E7 /* ExampleTable.swift */; };
		8B7281B71EE2F849007245E7 /* ExampleTVMC.swift in Sources */ = {isa = PBXBuildFile; fileRef = 8B7281B61EE2F849007245E7 /* ExampleTVMC.swift */; };
		8B7281C51EE340E5007245E7 /* FormTable.swift in Sources */ = {isa = PBXBuildFile; fileRef = 8B7281C41EE340E5007245E7 /* FormTable.swift */; };
		8B7281C81EE346A9007245E7 /* FormTVMC.swift in Sources */ = {isa = PBXBuildFile; fileRef = 8B7281C71EE346A9007245E7 /* FormTVMC.swift */; };
		8B893A7C1E98606700B3101B /* AppDelegate.swift in Sources */ = {isa = PBXBuildFile; fileRef = 8B893A7B1E98606700B3101B /* AppDelegate.swift */; };
		8B893A811E98606700B3101B /* Main.storyboard in Resources */ = {isa = PBXBuildFile; fileRef = 8B893A7F1E98606700B3101B /* Main.storyboard */; };
		8B893A831E98606700B3101B /* Assets.xcassets in Resources */ = {isa = PBXBuildFile; fileRef = 8B893A821E98606700B3101B /* Assets.xcassets */; };
		8B893A861E98606700B3101B /* LaunchScreen.storyboard in Resources */ = {isa = PBXBuildFile; fileRef = 8B893A841E98606700B3101B /* LaunchScreen.storyboard */; };
		8B893A8E1E9860C300B3101B /* settings.json in Resources */ = {isa = PBXBuildFile; fileRef = 8B893A8D1E9860C300B3101B /* settings.json */; };
		8BB518001EAC19B700A181AE /* SettingsProfileCell.swift in Sources */ = {isa = PBXBuildFile; fileRef = 8BB517FF1EAC19B700A181AE /* SettingsProfileCell.swift */; };
		8BE0C4EF1EF32F4200E6F95F /* SettingsTable.swift in Sources */ = {isa = PBXBuildFile; fileRef = 8BE0C4EE1EF32F4200E6F95F /* SettingsTable.swift */; };
		8BE0C5051EF4808F00E6F95F /* Network.framework in Frameworks */ = {isa = PBXBuildFile; fileRef = 8BE0C5041EF4808F00E6F95F /* Network.framework */; };
		8BE0C50F1EF482D300E6F95F /* Github.swift in Sources */ = {isa = PBXBuildFile; fileRef = 8BE0C50E1EF482D300E6F95F /* Github.swift */; };
		8BE0C5111EF492BA00E6F95F /* GithubModels.swift in Sources */ = {isa = PBXBuildFile; fileRef = 8BE0C5101EF492BA00E6F95F /* GithubModels.swift */; };
		8BE0C5131EF492F400E6F95F /* GithubDataSource.swift in Sources */ = {isa = PBXBuildFile; fileRef = 8BE0C5121EF492F400E6F95F /* GithubDataSource.swift */; };
		8BE0C5151EF4945300E6F95F /* GithubTVMC.swift in Sources */ = {isa = PBXBuildFile; fileRef = 8BE0C5141EF4945300E6F95F /* GithubTVMC.swift */; };
		8BE0C5181EF4949600E6F95F /* GithubTable.swift in Sources */ = {isa = PBXBuildFile; fileRef = 8BE0C5171EF4949600E6F95F /* GithubTable.swift */; };
		8BF92E3D1EF5CC3300278777 /* ImageLoader.swift in Sources */ = {isa = PBXBuildFile; fileRef = 8BF92E3C1EF5CC3300278777 /* ImageLoader.swift */; };
		8BF92E411EF5F1F700278777 /* GithubRepoCell.swift in Sources */ = {isa = PBXBuildFile; fileRef = 8BF92E401EF5F1F700278777 /* GithubRepoCell.swift */; };
		8BF92E441EF5F2AD00278777 /* GithubRepoCell.xib in Resources */ = {isa = PBXBuildFile; fileRef = 8BF92E431EF5F2AD00278777 /* GithubRepoCell.xib */; };
/* End PBXBuildFile section */

/* Begin PBXContainerItemProxy section */
		8B2EAE461EF0888E001FE287 /* PBXContainerItemProxy */ = {
			isa = PBXContainerItemProxy;
			containerPortal = 8B2EAE411EF0888E001FE287 /* AEViewModel.xcodeproj */;
			proxyType = 2;
			remoteGlobalIDString = 8B893AAE1E98665F00B3101B;
			remoteInfo = AEViewModel;
		};
		8B2EAE481EF0888E001FE287 /* PBXContainerItemProxy */ = {
			isa = PBXContainerItemProxy;
			containerPortal = 8B2EAE411EF0888E001FE287 /* AEViewModel.xcodeproj */;
			proxyType = 2;
			remoteGlobalIDString = 8B893AB71E98665F00B3101B;
			remoteInfo = AEViewModelTests;
		};
		8B2EAE4C1EF0889F001FE287 /* PBXContainerItemProxy */ = {
			isa = PBXContainerItemProxy;
			containerPortal = 8B2EAE411EF0888E001FE287 /* AEViewModel.xcodeproj */;
			proxyType = 1;
			remoteGlobalIDString = 8B893AAD1E98665F00B3101B;
			remoteInfo = AEViewModel;
		};
/* End PBXContainerItemProxy section */

/* Begin PBXCopyFilesBuildPhase section */
		8BD8F6891E9A5D6000C9BBA3 /* Embed Frameworks */ = {
			isa = PBXCopyFilesBuildPhase;
			buildActionMask = 2147483647;
			dstPath = "";
			dstSubfolderSpec = 10;
			files = (
				8B2EAE4B1EF0889F001FE287 /* AEViewModel.framework in Embed Frameworks */,
			);
			name = "Embed Frameworks";
			runOnlyForDeploymentPostprocessing = 0;
		};
/* End PBXCopyFilesBuildPhase section */

/* Begin PBXFileReference section */
		8B2EAE1A1EEB3BD4001FE287 /* MappableDataSourceModel.swift */ = {isa = PBXFileReference; fileEncoding = 4; lastKnownFileType = sourcecode.swift; path = MappableDataSourceModel.swift; sourceTree = "<group>"; };
		8B2EAE1E1EEB4245001FE287 /* SettingsTVMC.swift */ = {isa = PBXFileReference; fileEncoding = 4; lastKnownFileType = sourcecode.swift; path = SettingsTVMC.swift; sourceTree = "<group>"; };
		8B2EAE2C1EEF31A1001FE287 /* Cartfile */ = {isa = PBXFileReference; lastKnownFileType = text; path = Cartfile; sourceTree = "<group>"; };
		8B2EAE2D1EEF31A1001FE287 /* Cartfile.resolved */ = {isa = PBXFileReference; lastKnownFileType = text; path = Cartfile.resolved; sourceTree = "<group>"; };
		8B2EAE321EEF3332001FE287 /* Mappable.framework */ = {isa = PBXFileReference; lastKnownFileType = wrapper.framework; name = Mappable.framework; path = Carthage/Build/iOS/Mappable.framework; sourceTree = "<group>"; };
		8B2EAE411EF0888E001FE287 /* AEViewModel.xcodeproj */ = {isa = PBXFileReference; lastKnownFileType = "wrapper.pb-project"; name = AEViewModel.xcodeproj; path = ../AEViewModel.xcodeproj; sourceTree = "<group>"; };
		8B7281AD1EE2E607007245E7 /* ExampleTable.swift */ = {isa = PBXFileReference; fileEncoding = 4; lastKnownFileType = sourcecode.swift; path = ExampleTable.swift; sourceTree = "<group>"; };
		8B7281B61EE2F849007245E7 /* ExampleTVMC.swift */ = {isa = PBXFileReference; fileEncoding = 4; lastKnownFileType = sourcecode.swift; path = ExampleTVMC.swift; sourceTree = "<group>"; };
		8B7281C41EE340E5007245E7 /* FormTable.swift */ = {isa = PBXFileReference; fileEncoding = 4; lastKnownFileType = sourcecode.swift; path = FormTable.swift; sourceTree = "<group>"; };
		8B7281C71EE346A9007245E7 /* FormTVMC.swift */ = {isa = PBXFileReference; fileEncoding = 4; lastKnownFileType = sourcecode.swift; path = FormTVMC.swift; sourceTree = "<group>"; };
		8B893A781E98606700B3101B /* AEViewModelExample.app */ = {isa = PBXFileReference; explicitFileType = wrapper.application; includeInIndex = 0; path = AEViewModelExample.app; sourceTree = BUILT_PRODUCTS_DIR; };
		8B893A7B1E98606700B3101B /* AppDelegate.swift */ = {isa = PBXFileReference; lastKnownFileType = sourcecode.swift; path = AppDelegate.swift; sourceTree = "<group>"; };
		8B893A801E98606700B3101B /* Base */ = {isa = PBXFileReference; lastKnownFileType = file.storyboard; name = Base; path = Base.lproj/Main.storyboard; sourceTree = "<group>"; };
		8B893A821E98606700B3101B /* Assets.xcassets */ = {isa = PBXFileReference; lastKnownFileType = folder.assetcatalog; path = Assets.xcassets; sourceTree = "<group>"; };
		8B893A851E98606700B3101B /* Base */ = {isa = PBXFileReference; lastKnownFileType = file.storyboard; name = Base; path = Base.lproj/LaunchScreen.storyboard; sourceTree = "<group>"; };
		8B893A871E98606700B3101B /* Info.plist */ = {isa = PBXFileReference; lastKnownFileType = text.plist.xml; path = Info.plist; sourceTree = "<group>"; };
		8B893A8D1E9860C300B3101B /* settings.json */ = {isa = PBXFileReference; fileEncoding = 4; lastKnownFileType = text.json; name = settings.json; path = ../Resources/settings.json; sourceTree = "<group>"; };
		8BB517FF1EAC19B700A181AE /* SettingsProfileCell.swift */ = {isa = PBXFileReference; fileEncoding = 4; lastKnownFileType = sourcecode.swift; path = SettingsProfileCell.swift; sourceTree = "<group>"; };
		8BE0C4EE1EF32F4200E6F95F /* SettingsTable.swift */ = {isa = PBXFileReference; fileEncoding = 4; lastKnownFileType = sourcecode.swift; path = SettingsTable.swift; sourceTree = "<group>"; };
		8BE0C5041EF4808F00E6F95F /* Network.framework */ = {isa = PBXFileReference; lastKnownFileType = wrapper.framework; name = Network.framework; path = Carthage/Build/iOS/Network.framework; sourceTree = "<group>"; };
		8BE0C50E1EF482D300E6F95F /* Github.swift */ = {isa = PBXFileReference; fileEncoding = 4; lastKnownFileType = sourcecode.swift; path = Github.swift; sourceTree = "<group>"; };
		8BE0C5101EF492BA00E6F95F /* GithubModels.swift */ = {isa = PBXFileReference; fileEncoding = 4; lastKnownFileType = sourcecode.swift; path = GithubModels.swift; sourceTree = "<group>"; };
		8BE0C5121EF492F400E6F95F /* GithubDataSource.swift */ = {isa = PBXFileReference; fileEncoding = 4; lastKnownFileType = sourcecode.swift; path = GithubDataSource.swift; sourceTree = "<group>"; };
		8BE0C5141EF4945300E6F95F /* GithubTVMC.swift */ = {isa = PBXFileReference; fileEncoding = 4; lastKnownFileType = sourcecode.swift; path = GithubTVMC.swift; sourceTree = "<group>"; };
		8BE0C5171EF4949600E6F95F /* GithubTable.swift */ = {isa = PBXFileReference; fileEncoding = 4; lastKnownFileType = sourcecode.swift; path = GithubTable.swift; sourceTree = "<group>"; };
		8BF92E3C1EF5CC3300278777 /* ImageLoader.swift */ = {isa = PBXFileReference; fileEncoding = 4; lastKnownFileType = sourcecode.swift; path = ImageLoader.swift; sourceTree = "<group>"; };
		8BF92E401EF5F1F700278777 /* GithubRepoCell.swift */ = {isa = PBXFileReference; fileEncoding = 4; lastKnownFileType = sourcecode.swift; path = GithubRepoCell.swift; sourceTree = "<group>"; };
		8BF92E431EF5F2AD00278777 /* GithubRepoCell.xib */ = {isa = PBXFileReference; fileEncoding = 4; lastKnownFileType = file.xib; path = GithubRepoCell.xib; sourceTree = "<group>"; };
/* End PBXFileReference section */

/* Begin PBXFrameworksBuildPhase section */
		8B893A751E98606700B3101B /* Frameworks */ = {
			isa = PBXFrameworksBuildPhase;
			buildActionMask = 2147483647;
			files = (
				8B2EAE4A1EF0889F001FE287 /* AEViewModel.framework in Frameworks */,
				8BE0C5051EF4808F00E6F95F /* Network.framework in Frameworks */,
				8B2EAE331EEF3332001FE287 /* Mappable.framework in Frameworks */,
			);
			runOnlyForDeploymentPostprocessing = 0;
		};
/* End PBXFrameworksBuildPhase section */

/* Begin PBXGroup section */
		8B2EAE421EF0888E001FE287 /* Products */ = {
			isa = PBXGroup;
			children = (
				8B2EAE471EF0888E001FE287 /* AEViewModel.framework */,
				8B2EAE491EF0888E001FE287 /* AEViewModelTests.xctest */,
			);
			name = Products;
			sourceTree = "<group>";
		};
		8B3276411E9AF2BF00FD9502 /* Frameworks */ = {
			isa = PBXGroup;
			children = (
				8B2EAE2C1EEF31A1001FE287 /* Cartfile */,
				8B2EAE2D1EEF31A1001FE287 /* Cartfile.resolved */,
				8BE0C5041EF4808F00E6F95F /* Network.framework */,
				8B2EAE321EEF3332001FE287 /* Mappable.framework */,
			);
			name = Frameworks;
			sourceTree = "<group>";
		};
		8B32764A1E9AF40F00FD9502 /* Resources */ = {
			isa = PBXGroup;
			children = (
				8B893A841E98606700B3101B /* LaunchScreen.storyboard */,
				8B893A821E98606700B3101B /* Assets.xcassets */,
				8B893A871E98606700B3101B /* Info.plist */,
			);
			name = Resources;
			sourceTree = "<group>";
		};
		8B893A6F1E98606700B3101B = {
			isa = PBXGroup;
			children = (
				8B2EAE411EF0888E001FE287 /* AEViewModel.xcodeproj */,
				8B3276411E9AF2BF00FD9502 /* Frameworks */,
				8B893A7A1E98606700B3101B /* AEViewModelExample */,
				8B893A791E98606700B3101B /* Products */,
			);
			sourceTree = "<group>";
		};
		8B893A791E98606700B3101B /* Products */ = {
			isa = PBXGroup;
			children = (
				8B893A781E98606700B3101B /* AEViewModelExample.app */,
			);
			name = Products;
			sourceTree = "<group>";
		};
		8B893A7A1E98606700B3101B /* AEViewModelExample */ = {
			isa = PBXGroup;
			children = (
				8B893A7B1E98606700B3101B /* AppDelegate.swift */,
				8B893A7F1E98606700B3101B /* Main.storyboard */,
				8BE0C5071EF480F000E6F95F /* Example */,
				8BE0C5081EF480FB00E6F95F /* Form */,
				8BE0C5091EF480FF00E6F95F /* Settings */,
				8BE0C50D1EF482A500E6F95F /* Github */,
				8B32764A1E9AF40F00FD9502 /* Resources */,
			);
			path = AEViewModelExample;
			sourceTree = "<group>";
		};
		8BE0C5071EF480F000E6F95F /* Example */ = {
			isa = PBXGroup;
			children = (
				8B7281AD1EE2E607007245E7 /* ExampleTable.swift */,
				8B7281B61EE2F849007245E7 /* ExampleTVMC.swift */,
			);
			name = Example;
			sourceTree = "<group>";
		};
		8BE0C5081EF480FB00E6F95F /* Form */ = {
			isa = PBXGroup;
			children = (
				8B7281C41EE340E5007245E7 /* FormTable.swift */,
				8B7281C71EE346A9007245E7 /* FormTVMC.swift */,
			);
			name = Form;
			sourceTree = "<group>";
		};
		8BE0C5091EF480FF00E6F95F /* Settings */ = {
			isa = PBXGroup;
			children = (
				8BE0C4EE1EF32F4200E6F95F /* SettingsTable.swift */,
				8B2EAE1E1EEB4245001FE287 /* SettingsTVMC.swift */,
				8BB517FF1EAC19B700A181AE /* SettingsProfileCell.swift */,
				8BE0C50A1EF4813A00E6F95F /* Helpers */,
			);
			name = Settings;
			sourceTree = "<group>";
		};
		8BE0C50A1EF4813A00E6F95F /* Helpers */ = {
			isa = PBXGroup;
			children = (
				8B2EAE1A1EEB3BD4001FE287 /* MappableDataSourceModel.swift */,
				8B893A8D1E9860C300B3101B /* settings.json */,
			);
			name = Helpers;
			sourceTree = "<group>";
		};
		8BE0C50D1EF482A500E6F95F /* Github */ = {
			isa = PBXGroup;
			children = (
				8BE0C5171EF4949600E6F95F /* GithubTable.swift */,
				8BE0C5141EF4945300E6F95F /* GithubTVMC.swift */,
				8BF92E401EF5F1F700278777 /* GithubRepoCell.swift */,
				8BF92E431EF5F2AD00278777 /* GithubRepoCell.xib */,
				8BE0C5161EF4948C00E6F95F /* Helpers */,
			);
			name = Github;
			sourceTree = "<group>";
		};
		8BE0C5161EF4948C00E6F95F /* Helpers */ = {
			isa = PBXGroup;
			children = (
				8BE0C50E1EF482D300E6F95F /* Github.swift */,
				8BE0C5101EF492BA00E6F95F /* GithubModels.swift */,
				8BE0C5121EF492F400E6F95F /* GithubDataSource.swift */,
				8BF92E3C1EF5CC3300278777 /* ImageLoader.swift */,
			);
			name = Helpers;
			sourceTree = "<group>";
		};
/* End PBXGroup section */

/* Begin PBXNativeTarget section */
		8B893A771E98606700B3101B /* AEViewModelExample */ = {
			isa = PBXNativeTarget;
			buildConfigurationList = 8B893A8A1E98606700B3101B /* Build configuration list for PBXNativeTarget "AEViewModelExample" */;
			buildPhases = (
				8B893A741E98606700B3101B /* Sources */,
				8B893A751E98606700B3101B /* Frameworks */,
				8B893A761E98606700B3101B /* Resources */,
				8BD8F6891E9A5D6000C9BBA3 /* Embed Frameworks */,
				8B2EAE2F1EEF31FB001FE287 /* Carthage */,
			);
			buildRules = (
			);
			dependencies = (
				8B2EAE4D1EF0889F001FE287 /* PBXTargetDependency */,
			);
			name = AEViewModelExample;
			productName = TableExample;
			productReference = 8B893A781E98606700B3101B /* AEViewModelExample.app */;
			productType = "com.apple.product-type.application";
		};
/* End PBXNativeTarget section */

/* Begin PBXProject section */
		8B893A701E98606700B3101B /* Project object */ = {
			isa = PBXProject;
			attributes = {
				LastSwiftUpdateCheck = 0830;
				LastUpgradeCheck = 0900;
				ORGANIZATIONNAME = AE;
				TargetAttributes = {
					8B893A771E98606700B3101B = {
						CreatedOnToolsVersion = 8.3;
						DevelopmentTeam = VL46Q749LJ;
						ProvisioningStyle = Automatic;
					};
				};
			};
			buildConfigurationList = 8B893A731E98606700B3101B /* Build configuration list for PBXProject "AEViewModelExample" */;
			compatibilityVersion = "Xcode 3.2";
			developmentRegion = English;
			hasScannedForEncodings = 0;
			knownRegions = (
				en,
				Base,
			);
			mainGroup = 8B893A6F1E98606700B3101B;
			productRefGroup = 8B893A791E98606700B3101B /* Products */;
			projectDirPath = "";
			projectReferences = (
				{
					ProductGroup = 8B2EAE421EF0888E001FE287 /* Products */;
					ProjectRef = 8B2EAE411EF0888E001FE287 /* AEViewModel.xcodeproj */;
				},
			);
			projectRoot = "";
			targets = (
				8B893A771E98606700B3101B /* AEViewModelExample */,
			);
		};
/* End PBXProject section */

/* Begin PBXReferenceProxy section */
		8B2EAE471EF0888E001FE287 /* AEViewModel.framework */ = {
			isa = PBXReferenceProxy;
			fileType = wrapper.framework;
			path = AEViewModel.framework;
			remoteRef = 8B2EAE461EF0888E001FE287 /* PBXContainerItemProxy */;
			sourceTree = BUILT_PRODUCTS_DIR;
		};
		8B2EAE491EF0888E001FE287 /* AEViewModelTests.xctest */ = {
			isa = PBXReferenceProxy;
			fileType = wrapper.cfbundle;
			path = AEViewModelTests.xctest;
			remoteRef = 8B2EAE481EF0888E001FE287 /* PBXContainerItemProxy */;
			sourceTree = BUILT_PRODUCTS_DIR;
		};
/* End PBXReferenceProxy section */

/* Begin PBXResourcesBuildPhase section */
		8B893A761E98606700B3101B /* Resources */ = {
			isa = PBXResourcesBuildPhase;
			buildActionMask = 2147483647;
			files = (
				8B893A861E98606700B3101B /* LaunchScreen.storyboard in Resources */,
				8B893A8E1E9860C300B3101B /* settings.json in Resources */,
				8BF92E441EF5F2AD00278777 /* GithubRepoCell.xib in Resources */,
				8B893A831E98606700B3101B /* Assets.xcassets in Resources */,
				8B893A811E98606700B3101B /* Main.storyboard in Resources */,
			);
			runOnlyForDeploymentPostprocessing = 0;
		};
/* End PBXResourcesBuildPhase section */

/* Begin PBXShellScriptBuildPhase section */
		8B2EAE2F1EEF31FB001FE287 /* Carthage */ = {
			isa = PBXShellScriptBuildPhase;
			buildActionMask = 2147483647;
			files = (
			);
			inputPaths = (
				"$(SRCROOT)/Carthage/Build/iOS/Mappable.framework",
				"$(SRCROOT)/Carthage/Build/iOS/Network.framework",
			);
			name = Carthage;
			outputPaths = (
			);
			runOnlyForDeploymentPostprocessing = 0;
			shellPath = /bin/sh;
			shellScript = "/usr/local/bin/carthage copy-frameworks";
		};
/* End PBXShellScriptBuildPhase section */

/* Begin PBXSourcesBuildPhase section */
		8B893A741E98606700B3101B /* Sources */ = {
			isa = PBXSourcesBuildPhase;
			buildActionMask = 2147483647;
			files = (
				8BE0C5151EF4945300E6F95F /* GithubTVMC.swift in Sources */,
				8B7281C81EE346A9007245E7 /* FormTVMC.swift in Sources */,
				8B7281C51EE340E5007245E7 /* FormTable.swift in Sources */,
				8B7281B71EE2F849007245E7 /* ExampleTVMC.swift in Sources */,
				8BE0C5111EF492BA00E6F95F /* GithubModels.swift in Sources */,
				8BE0C4EF1EF32F4200E6F95F /* SettingsTable.swift in Sources */,
				8BF92E3D1EF5CC3300278777 /* ImageLoader.swift in Sources */,
				8BE0C5181EF4949600E6F95F /* GithubTable.swift in Sources */,
				8B7281AE1EE2E607007245E7 /* ExampleTable.swift in Sources */,
				8B893A7C1E98606700B3101B /* AppDelegate.swift in Sources */,
				8BE0C50F1EF482D300E6F95F /* Github.swift in Sources */,
				8B2EAE1F1EEB4245001FE287 /* SettingsTVMC.swift in Sources */,
				8BF92E411EF5F1F700278777 /* GithubRepoCell.swift in Sources */,
				8BE0C5131EF492F400E6F95F /* GithubDataSource.swift in Sources */,
				8BB518001EAC19B700A181AE /* SettingsProfileCell.swift in Sources */,
				8B2EAE1B1EEB3BD4001FE287 /* MappableDataSourceModel.swift in Sources */,
			);
			runOnlyForDeploymentPostprocessing = 0;
		};
/* End PBXSourcesBuildPhase section */

/* Begin PBXTargetDependency section */
		8B2EAE4D1EF0889F001FE287 /* PBXTargetDependency */ = {
			isa = PBXTargetDependency;
			name = AEViewModel;
			targetProxy = 8B2EAE4C1EF0889F001FE287 /* PBXContainerItemProxy */;
		};
/* End PBXTargetDependency section */

/* Begin PBXVariantGroup section */
		8B893A7F1E98606700B3101B /* Main.storyboard */ = {
			isa = PBXVariantGroup;
			children = (
				8B893A801E98606700B3101B /* Base */,
			);
			name = Main.storyboard;
			sourceTree = "<group>";
		};
		8B893A841E98606700B3101B /* LaunchScreen.storyboard */ = {
			isa = PBXVariantGroup;
			children = (
				8B893A851E98606700B3101B /* Base */,
			);
			name = LaunchScreen.storyboard;
			sourceTree = "<group>";
		};
/* End PBXVariantGroup section */

/* Begin XCBuildConfiguration section */
		8B893A881E98606700B3101B /* Debug */ = {
			isa = XCBuildConfiguration;
			buildSettings = {
				ALWAYS_SEARCH_USER_PATHS = NO;
				CLANG_ANALYZER_NONNULL = YES;
				CLANG_ANALYZER_NUMBER_OBJECT_CONVERSION = YES_AGGRESSIVE;
				CLANG_CXX_LANGUAGE_STANDARD = "gnu++0x";
				CLANG_CXX_LIBRARY = "libc++";
				CLANG_ENABLE_MODULES = YES;
				CLANG_ENABLE_OBJC_ARC = YES;
				CLANG_WARN_BLOCK_CAPTURE_AUTORELEASING = YES;
				CLANG_WARN_BOOL_CONVERSION = YES;
				CLANG_WARN_COMMA = YES;
				CLANG_WARN_CONSTANT_CONVERSION = YES;
				CLANG_WARN_DIRECT_OBJC_ISA_USAGE = YES_ERROR;
				CLANG_WARN_DOCUMENTATION_COMMENTS = YES;
				CLANG_WARN_EMPTY_BODY = YES;
				CLANG_WARN_ENUM_CONVERSION = YES;
				CLANG_WARN_INFINITE_RECURSION = YES;
				CLANG_WARN_INT_CONVERSION = YES;
				CLANG_WARN_NON_LITERAL_NULL_CONVERSION = YES;
				CLANG_WARN_OBJC_LITERAL_CONVERSION = YES;
				CLANG_WARN_OBJC_ROOT_CLASS = YES_ERROR;
				CLANG_WARN_RANGE_LOOP_ANALYSIS = YES;
				CLANG_WARN_STRICT_PROTOTYPES = YES;
				CLANG_WARN_SUSPICIOUS_MOVE = YES;
				CLANG_WARN_UNREACHABLE_CODE = YES;
				CLANG_WARN__DUPLICATE_METHOD_MATCH = YES;
				"CODE_SIGN_IDENTITY[sdk=iphoneos*]" = "iPhone Developer";
				COPY_PHASE_STRIP = NO;
				DEBUG_INFORMATION_FORMAT = dwarf;
				ENABLE_STRICT_OBJC_MSGSEND = YES;
				ENABLE_TESTABILITY = YES;
				GCC_C_LANGUAGE_STANDARD = gnu99;
				GCC_DYNAMIC_NO_PIC = NO;
				GCC_NO_COMMON_BLOCKS = YES;
				GCC_OPTIMIZATION_LEVEL = 0;
				GCC_PREPROCESSOR_DEFINITIONS = (
					"DEBUG=1",
					"$(inherited)",
				);
				GCC_WARN_64_TO_32_BIT_CONVERSION = YES;
				GCC_WARN_ABOUT_RETURN_TYPE = YES_ERROR;
				GCC_WARN_UNDECLARED_SELECTOR = YES;
				GCC_WARN_UNINITIALIZED_AUTOS = YES_AGGRESSIVE;
				GCC_WARN_UNUSED_FUNCTION = YES;
				GCC_WARN_UNUSED_VARIABLE = YES;
				IPHONEOS_DEPLOYMENT_TARGET = 10.3;
				MTL_ENABLE_DEBUG_INFO = YES;
				ONLY_ACTIVE_ARCH = YES;
				SDKROOT = iphoneos;
				SWIFT_ACTIVE_COMPILATION_CONDITIONS = DEBUG;
				SWIFT_OPTIMIZATION_LEVEL = "-Onone";
				TARGETED_DEVICE_FAMILY = "1,2";
			};
			name = Debug;
		};
		8B893A891E98606700B3101B /* Release */ = {
			isa = XCBuildConfiguration;
			buildSettings = {
				ALWAYS_SEARCH_USER_PATHS = NO;
				CLANG_ANALYZER_NONNULL = YES;
				CLANG_ANALYZER_NUMBER_OBJECT_CONVERSION = YES_AGGRESSIVE;
				CLANG_CXX_LANGUAGE_STANDARD = "gnu++0x";
				CLANG_CXX_LIBRARY = "libc++";
				CLANG_ENABLE_MODULES = YES;
				CLANG_ENABLE_OBJC_ARC = YES;
				CLANG_WARN_BLOCK_CAPTURE_AUTORELEASING = YES;
				CLANG_WARN_BOOL_CONVERSION = YES;
				CLANG_WARN_COMMA = YES;
				CLANG_WARN_CONSTANT_CONVERSION = YES;
				CLANG_WARN_DIRECT_OBJC_ISA_USAGE = YES_ERROR;
				CLANG_WARN_DOCUMENTATION_COMMENTS = YES;
				CLANG_WARN_EMPTY_BODY = YES;
				CLANG_WARN_ENUM_CONVERSION = YES;
				CLANG_WARN_INFINITE_RECURSION = YES;
				CLANG_WARN_INT_CONVERSION = YES;
				CLANG_WARN_NON_LITERAL_NULL_CONVERSION = YES;
				CLANG_WARN_OBJC_LITERAL_CONVERSION = YES;
				CLANG_WARN_OBJC_ROOT_CLASS = YES_ERROR;
				CLANG_WARN_RANGE_LOOP_ANALYSIS = YES;
				CLANG_WARN_STRICT_PROTOTYPES = YES;
				CLANG_WARN_SUSPICIOUS_MOVE = YES;
				CLANG_WARN_UNREACHABLE_CODE = YES;
				CLANG_WARN__DUPLICATE_METHOD_MATCH = YES;
				"CODE_SIGN_IDENTITY[sdk=iphoneos*]" = "iPhone Developer";
				COPY_PHASE_STRIP = NO;
				DEBUG_INFORMATION_FORMAT = "dwarf-with-dsym";
				ENABLE_NS_ASSERTIONS = NO;
				ENABLE_STRICT_OBJC_MSGSEND = YES;
				GCC_C_LANGUAGE_STANDARD = gnu99;
				GCC_NO_COMMON_BLOCKS = YES;
				GCC_WARN_64_TO_32_BIT_CONVERSION = YES;
				GCC_WARN_ABOUT_RETURN_TYPE = YES_ERROR;
				GCC_WARN_UNDECLARED_SELECTOR = YES;
				GCC_WARN_UNINITIALIZED_AUTOS = YES_AGGRESSIVE;
				GCC_WARN_UNUSED_FUNCTION = YES;
				GCC_WARN_UNUSED_VARIABLE = YES;
				IPHONEOS_DEPLOYMENT_TARGET = 10.3;
				MTL_ENABLE_DEBUG_INFO = NO;
				SDKROOT = iphoneos;
				SWIFT_OPTIMIZATION_LEVEL = "-Owholemodule";
				TARGETED_DEVICE_FAMILY = "1,2";
				VALIDATE_PRODUCT = YES;
			};
			name = Release;
		};
		8B893A8B1E98606700B3101B /* Debug */ = {
			isa = XCBuildConfiguration;
			buildSettings = {
				ALWAYS_EMBED_SWIFT_STANDARD_LIBRARIES = YES;
				ASSETCATALOG_COMPILER_APPICON_NAME = AppIcon;
				DEVELOPMENT_TEAM = VL46Q749LJ;
				FRAMEWORK_SEARCH_PATHS = (
					"$(inherited)",
					"$(PROJECT_DIR)/Carthage/Build/iOS",
				);
				INFOPLIST_FILE = "$(SRCROOT)/AEViewModelExample/Info.plist";
				LD_RUNPATH_SEARCH_PATHS = "$(inherited) @executable_path/Frameworks";
				PRODUCT_BUNDLE_IDENTIFIER = net.tadija.AEViewModelExample;
				PRODUCT_NAME = "$(TARGET_NAME)";
				SWIFT_VERSION = 3.0;
			};
			name = Debug;
		};
		8B893A8C1E98606700B3101B /* Release */ = {
			isa = XCBuildConfiguration;
			buildSettings = {
				ALWAYS_EMBED_SWIFT_STANDARD_LIBRARIES = YES;
				ASSETCATALOG_COMPILER_APPICON_NAME = AppIcon;
				DEVELOPMENT_TEAM = VL46Q749LJ;
				FRAMEWORK_SEARCH_PATHS = (
					"$(inherited)",
					"$(PROJECT_DIR)/Carthage/Build/iOS",
				);
				INFOPLIST_FILE = "$(SRCROOT)/AEViewModelExample/Info.plist";
				LD_RUNPATH_SEARCH_PATHS = "$(inherited) @executable_path/Frameworks";
				PRODUCT_BUNDLE_IDENTIFIER = net.tadija.AEViewModelExample;
				PRODUCT_NAME = "$(TARGET_NAME)";
				SWIFT_VERSION = 3.0;
			};
			name = Release;
		};
/* End XCBuildConfiguration section */

/* Begin XCConfigurationList section */
		8B893A731E98606700B3101B /* Build configuration list for PBXProject "AEViewModelExample" */ = {
			isa = XCConfigurationList;
			buildConfigurations = (
				8B893A881E98606700B3101B /* Debug */,
				8B893A891E98606700B3101B /* Release */,
			);
			defaultConfigurationIsVisible = 0;
			defaultConfigurationName = Release;
		};
		8B893A8A1E98606700B3101B /* Build configuration list for PBXNativeTarget "AEViewModelExample" */ = {
			isa = XCConfigurationList;
			buildConfigurations = (
				8B893A8B1E98606700B3101B /* Debug */,
				8B893A8C1E98606700B3101B /* Release */,
			);
			defaultConfigurationIsVisible = 0;
			defaultConfigurationName = Release;
		};
/* End XCConfigurationList section */
	};
	rootObject = 8B893A701E98606700B3101B /* Project object */;
}
